Microsoft Visual Studio Solution File, Format Version 12.00
# Visual Studio 2013
VisualStudioVersion = 12.0.40629.0
MinimumVisualStudioVersion = 10.0.40219.1
Project("{2150E333-8FDC-42A3-9474-1A3956D46DE8}") = "Solution Items", "Solution Items", "{731ABE5F-B13B-4553-BA6E-EB0F3ACE9F54}"
	ProjectSection(SolutionItems) = preProject
		CipherShed.vsmdi = CipherShed.vsmdi
	EndProjectSection
EndProject
Project("{8BC9CEB8-8B4A-11D0-8D11-00A0C91BC942}") = "Crypto", "Crypto\Crypto.vcxproj", "{993245CF-6B70-47EE-91BB-39F8FC6DC0E7}"
EndProject
Project("{8BC9CEB8-8B4A-11D0-8D11-00A0C91BC942}") = "Driver", "Driver\Driver.vcxproj", "{EF5EF444-18D0-40D7-8DFA-775EC4448602}"
EndProject
Project("{8BC9CEB8-8B4A-11D0-8D11-00A0C91BC942}") = "Format", "Format\Format.vcxproj", "{9DC1ABE2-D18B-48FB-81D2-8C50ADC57BCF}"
EndProject
Project("{8BC9CEB8-8B4A-11D0-8D11-00A0C91BC942}") = "Mount", "Mount\Mount.vcxproj", "{E4C40F94-E7F9-4981-86E4-186B46F993F3}"
EndProject
Project("{8BC9CEB8-8B4A-11D0-8D11-00A0C91BC942}") = "Setup", "Setup\Setup.vcxproj", "{DF5F654D-BD44-4E31-B92E-B68074DC37A8}"
EndProject
Project("{8BC9CEB8-8B4A-11D0-8D11-00A0C91BC942}") = "Boot", "Boot\Windows\Boot.vcxproj", "{8B7F059F-E4C7-4E11-88F5-EE8B8433072E}"
EndProject
Project("{8BC9CEB8-8B4A-11D0-8D11-00A0C91BC942}") = "unit-tests", "unit-tests\unit-tests.vcxproj", "{4AF37FBD-5F28-425A-9B8A-CFBF3BF07678}"
EndProject
Project("{8BC9CEB8-8B4A-11D0-8D11-00A0C91BC942}") = "efi-Driver", "efi-Driver\efi-Driver.vcxproj", "{1A65BE2E-D62A-4CB5-A2B0-F8685610133C}"
EndProject
Project("{8BC9CEB8-8B4A-11D0-8D11-00A0C91BC942}") = "dev-tool", "dev-tool\dev-tool.vcxproj", "{F568B705-46A8-491A-83F1-02AC79DD9A23}"
EndProject
Global
	GlobalSection(SolutionConfigurationPlatforms) = preSolution
		All Debug|Mixed Platforms = All Debug|Mixed Platforms
		All Debug|Win32 = All Debug|Win32
		All Debug|x64 = All Debug|x64
		All|Mixed Platforms = All|Mixed Platforms
		All|Win32 = All|Win32
		All|x64 = All|x64
		Boot Loader|Mixed Platforms = Boot Loader|Mixed Platforms
		Boot Loader|Win32 = Boot Loader|Win32
		Boot Loader|x64 = Boot Loader|x64
		Boot|Mixed Platforms = Boot|Mixed Platforms
		Boot|Win32 = Boot|Win32
		Boot|x64 = Boot|x64
		Debug|Mixed Platforms = Debug|Mixed Platforms
		Debug|Win32 = Debug|Win32
		Debug|x64 = Debug|x64
		Driver Debug|Mixed Platforms = Driver Debug|Mixed Platforms
		Driver Debug|Win32 = Driver Debug|Win32
		Driver Debug|x64 = Driver Debug|x64
		Driver x64 Debug|Mixed Platforms = Driver x64 Debug|Mixed Platforms
		Driver x64 Debug|Win32 = Driver x64 Debug|Win32
		Driver x64 Debug|x64 = Driver x64 Debug|x64
		Driver x64|Mixed Platforms = Driver x64|Mixed Platforms
		Driver x64|Win32 = Driver x64|Win32
		Driver x64|x64 = Driver x64|x64
		Driver x86 Debug|Mixed Platforms = Driver x86 Debug|Mixed Platforms
		Driver x86 Debug|Win32 = Driver x86 Debug|Win32
		Driver x86 Debug|x64 = Driver x86 Debug|x64
		Driver x86|Mixed Platforms = Driver x86|Mixed Platforms
		Driver x86|Win32 = Driver x86|Win32
		Driver x86|x64 = Driver x86|x64
		Driver|Mixed Platforms = Driver|Mixed Platforms
		Driver|Win32 = Driver|Win32
		Driver|x64 = Driver|x64
		Format Debug|Mixed Platforms = Format Debug|Mixed Platforms
		Format Debug|Win32 = Format Debug|Win32
		Format Debug|x64 = Format Debug|x64
		Format|Mixed Platforms = Format|Mixed Platforms
		Format|Win32 = Format|Win32
		Format|x64 = Format|x64
		Mount Debug|Mixed Platforms = Mount Debug|Mixed Platforms
		Mount Debug|Win32 = Mount Debug|Win32
		Mount Debug|x64 = Mount Debug|x64
		Mount|Mixed Platforms = Mount|Mixed Platforms
		Mount|Win32 = Mount|Win32
		Mount|x64 = Mount|x64
		Release|Mixed Platforms = Release|Mixed Platforms
		Release|Win32 = Release|Win32
		Release|x64 = Release|x64
		Setup Debug|Mixed Platforms = Setup Debug|Mixed Platforms
		Setup Debug|Win32 = Setup Debug|Win32
		Setup Debug|x64 = Setup Debug|x64
		Setup|Mixed Platforms = Setup|Mixed Platforms
		Setup|Win32 = Setup|Win32
		Setup|x64 = Setup|x64
		Win7 Debug|Mixed Platforms = Win7 Debug|Mixed Platforms
		Win7 Debug|Win32 = Win7 Debug|Win32
		Win7 Debug|x64 = Win7 Debug|x64
		Win7 Release|Mixed Platforms = Win7 Release|Mixed Platforms
		Win7 Release|Win32 = Win7 Release|Win32
		Win7 Release|x64 = Win7 Release|x64
		Win8 Debug|Mixed Platforms = Win8 Debug|Mixed Platforms
		Win8 Debug|Win32 = Win8 Debug|Win32
		Win8 Debug|x64 = Win8 Debug|x64
		Win8 Release|Mixed Platforms = Win8 Release|Mixed Platforms
		Win8 Release|Win32 = Win8 Release|Win32
		Win8 Release|x64 = Win8 Release|x64
		Win8.1 Debug|Mixed Platforms = Win8.1 Debug|Mixed Platforms
		Win8.1 Debug|Win32 = Win8.1 Debug|Win32
		Win8.1 Debug|x64 = Win8.1 Debug|x64
		Win8.1 Release|Mixed Platforms = Win8.1 Release|Mixed Platforms
		Win8.1 Release|Win32 = Win8.1 Release|Win32
		Win8.1 Release|x64 = Win8.1 Release|x64
	EndGlobalSection
	GlobalSection(ProjectConfigurationPlatforms) = postSolution
		{993245CF-6B70-47EE-91BB-39F8FC6DC0E7}.All Debug|Mixed Platforms.ActiveCfg = Debug|Win32
		{993245CF-6B70-47EE-91BB-39F8FC6DC0E7}.All Debug|Mixed Platforms.Build.0 = Debug|Win32
		{993245CF-6B70-47EE-91BB-39F8FC6DC0E7}.All Debug|Win32.ActiveCfg = Debug|Win32
		{993245CF-6B70-47EE-91BB-39F8FC6DC0E7}.All Debug|Win32.Build.0 = Debug|Win32
		{993245CF-6B70-47EE-91BB-39F8FC6DC0E7}.All Debug|x64.ActiveCfg = Debug|Win32
		{993245CF-6B70-47EE-91BB-39F8FC6DC0E7}.All|Mixed Platforms.ActiveCfg = Release|Win32
		{993245CF-6B70-47EE-91BB-39F8FC6DC0E7}.All|Mixed Platforms.Build.0 = Release|Win32
		{993245CF-6B70-47EE-91BB-39F8FC6DC0E7}.All|Win32.ActiveCfg = Release|Win32
		{993245CF-6B70-47EE-91BB-39F8FC6DC0E7}.All|Win32.Build.0 = Release|Win32
		{993245CF-6B70-47EE-91BB-39F8FC6DC0E7}.All|x64.ActiveCfg = Release|Win32
		{993245CF-6B70-47EE-91BB-39F8FC6DC0E7}.Boot Loader|Mixed Platforms.ActiveCfg = Release|Win32
		{993245CF-6B70-47EE-91BB-39F8FC6DC0E7}.Boot Loader|Mixed Platforms.Build.0 = Release|Win32
		{993245CF-6B70-47EE-91BB-39F8FC6DC0E7}.Boot Loader|Win32.ActiveCfg = Release|Win32
		{993245CF-6B70-47EE-91BB-39F8FC6DC0E7}.Boot Loader|x64.ActiveCfg = Release|Win32
		{993245CF-6B70-47EE-91BB-39F8FC6DC0E7}.Boot|Mixed Platforms.ActiveCfg = Release|Win32
		{993245CF-6B70-47EE-91BB-39F8FC6DC0E7}.Boot|Mixed Platforms.Build.0 = Release|Win32
		{993245CF-6B70-47EE-91BB-39F8FC6DC0E7}.Boot|Win32.ActiveCfg = Release|Win32
		{993245CF-6B70-47EE-91BB-39F8FC6DC0E7}.Boot|x64.ActiveCfg = Release|Win32
		{993245CF-6B70-47EE-91BB-39F8FC6DC0E7}.Debug|Mixed Platforms.ActiveCfg = Debug|Win32
		{993245CF-6B70-47EE-91BB-39F8FC6DC0E7}.Debug|Mixed Platforms.Build.0 = Debug|Win32
		{993245CF-6B70-47EE-91BB-39F8FC6DC0E7}.Debug|Win32.ActiveCfg = Debug|Win32
		{993245CF-6B70-47EE-91BB-39F8FC6DC0E7}.Debug|Win32.Build.0 = Debug|Win32
		{993245CF-6B70-47EE-91BB-39F8FC6DC0E7}.Debug|x64.ActiveCfg = Debug|Win32
		{993245CF-6B70-47EE-91BB-39F8FC6DC0E7}.Driver Debug|Mixed Platforms.ActiveCfg = Debug|Win32
		{993245CF-6B70-47EE-91BB-39F8FC6DC0E7}.Driver Debug|Mixed Platforms.Build.0 = Debug|Win32
		{993245CF-6B70-47EE-91BB-39F8FC6DC0E7}.Driver Debug|Win32.ActiveCfg = Debug|Win32
		{993245CF-6B70-47EE-91BB-39F8FC6DC0E7}.Driver Debug|x64.ActiveCfg = Debug|Win32
		{993245CF-6B70-47EE-91BB-39F8FC6DC0E7}.Driver x64 Debug|Mixed Platforms.ActiveCfg = Debug|Win32
		{993245CF-6B70-47EE-91BB-39F8FC6DC0E7}.Driver x64 Debug|Mixed Platforms.Build.0 = Debug|Win32
		{993245CF-6B70-47EE-91BB-39F8FC6DC0E7}.Driver x64 Debug|Win32.ActiveCfg = Debug|Win32
		{993245CF-6B70-47EE-91BB-39F8FC6DC0E7}.Driver x64 Debug|x64.ActiveCfg = Debug|Win32
		{993245CF-6B70-47EE-91BB-39F8FC6DC0E7}.Driver x64|Mixed Platforms.ActiveCfg = Debug|Win32
		{993245CF-6B70-47EE-91BB-39F8FC6DC0E7}.Driver x64|Mixed Platforms.Build.0 = Debug|Win32
		{993245CF-6B70-47EE-91BB-39F8FC6DC0E7}.Driver x64|Win32.ActiveCfg = Release|Win32
		{993245CF-6B70-47EE-91BB-39F8FC6DC0E7}.Driver x64|x64.ActiveCfg = Debug|Win32
		{993245CF-6B70-47EE-91BB-39F8FC6DC0E7}.Driver x86 Debug|Mixed Platforms.ActiveCfg = Debug|Win32
		{993245CF-6B70-47EE-91BB-39F8FC6DC0E7}.Driver x86 Debug|Mixed Platforms.Build.0 = Debug|Win32
		{993245CF-6B70-47EE-91BB-39F8FC6DC0E7}.Driver x86 Debug|Win32.ActiveCfg = Debug|Win32
		{993245CF-6B70-47EE-91BB-39F8FC6DC0E7}.Driver x86 Debug|x64.ActiveCfg = Debug|Win32
		{993245CF-6B70-47EE-91BB-39F8FC6DC0E7}.Driver x86|Mixed Platforms.ActiveCfg = Debug|Win32
		{993245CF-6B70-47EE-91BB-39F8FC6DC0E7}.Driver x86|Mixed Platforms.Build.0 = Debug|Win32
		{993245CF-6B70-47EE-91BB-39F8FC6DC0E7}.Driver x86|Win32.ActiveCfg = Release|Win32
		{993245CF-6B70-47EE-91BB-39F8FC6DC0E7}.Driver x86|x64.ActiveCfg = Debug|Win32
		{993245CF-6B70-47EE-91BB-39F8FC6DC0E7}.Driver|Mixed Platforms.ActiveCfg = Debug|Win32
		{993245CF-6B70-47EE-91BB-39F8FC6DC0E7}.Driver|Mixed Platforms.Build.0 = Debug|Win32
		{993245CF-6B70-47EE-91BB-39F8FC6DC0E7}.Driver|Win32.ActiveCfg = Release|Win32
		{993245CF-6B70-47EE-91BB-39F8FC6DC0E7}.Driver|x64.ActiveCfg = Debug|Win32
		{993245CF-6B70-47EE-91BB-39F8FC6DC0E7}.Format Debug|Mixed Platforms.ActiveCfg = Debug|Win32
		{993245CF-6B70-47EE-91BB-39F8FC6DC0E7}.Format Debug|Mixed Platforms.Build.0 = Debug|Win32
		{993245CF-6B70-47EE-91BB-39F8FC6DC0E7}.Format Debug|Win32.ActiveCfg = Debug|Win32
		{993245CF-6B70-47EE-91BB-39F8FC6DC0E7}.Format Debug|Win32.Build.0 = Debug|Win32
		{993245CF-6B70-47EE-91BB-39F8FC6DC0E7}.Format Debug|x64.ActiveCfg = Debug|Win32
		{993245CF-6B70-47EE-91BB-39F8FC6DC0E7}.Format|Mixed Platforms.ActiveCfg = Release|Win32
		{993245CF-6B70-47EE-91BB-39F8FC6DC0E7}.Format|Mixed Platforms.Build.0 = Release|Win32
		{993245CF-6B70-47EE-91BB-39F8FC6DC0E7}.Format|Win32.ActiveCfg = Release|Win32
		{993245CF-6B70-47EE-91BB-39F8FC6DC0E7}.Format|Win32.Build.0 = Release|Win32
		{993245CF-6B70-47EE-91BB-39F8FC6DC0E7}.Format|x64.ActiveCfg = Release|Win32
		{993245CF-6B70-47EE-91BB-39F8FC6DC0E7}.Mount Debug|Mixed Platforms.ActiveCfg = Debug|Win32
		{993245CF-6B70-47EE-91BB-39F8FC6DC0E7}.Mount Debug|Mixed Platforms.Build.0 = Debug|Win32
		{993245CF-6B70-47EE-91BB-39F8FC6DC0E7}.Mount Debug|Win32.ActiveCfg = Debug|Win32
		{993245CF-6B70-47EE-91BB-39F8FC6DC0E7}.Mount Debug|Win32.Build.0 = Debug|Win32
		{993245CF-6B70-47EE-91BB-39F8FC6DC0E7}.Mount Debug|x64.ActiveCfg = Debug|Win32
		{993245CF-6B70-47EE-91BB-39F8FC6DC0E7}.Mount|Mixed Platforms.ActiveCfg = Release|Win32
		{993245CF-6B70-47EE-91BB-39F8FC6DC0E7}.Mount|Mixed Platforms.Build.0 = Release|Win32
		{993245CF-6B70-47EE-91BB-39F8FC6DC0E7}.Mount|Win32.ActiveCfg = Release|Win32
		{993245CF-6B70-47EE-91BB-39F8FC6DC0E7}.Mount|Win32.Build.0 = Release|Win32
		{993245CF-6B70-47EE-91BB-39F8FC6DC0E7}.Mount|x64.ActiveCfg = Release|Win32
		{993245CF-6B70-47EE-91BB-39F8FC6DC0E7}.Release|Mixed Platforms.ActiveCfg = Release|Win32
		{993245CF-6B70-47EE-91BB-39F8FC6DC0E7}.Release|Mixed Platforms.Build.0 = Release|Win32
		{993245CF-6B70-47EE-91BB-39F8FC6DC0E7}.Release|Win32.ActiveCfg = Release|Win32
		{993245CF-6B70-47EE-91BB-39F8FC6DC0E7}.Release|Win32.Build.0 = Release|Win32
		{993245CF-6B70-47EE-91BB-39F8FC6DC0E7}.Release|x64.ActiveCfg = Release|Win32
		{993245CF-6B70-47EE-91BB-39F8FC6DC0E7}.Setup Debug|Mixed Platforms.ActiveCfg = Debug|Win32
		{993245CF-6B70-47EE-91BB-39F8FC6DC0E7}.Setup Debug|Mixed Platforms.Build.0 = Debug|Win32
		{993245CF-6B70-47EE-91BB-39F8FC6DC0E7}.Setup Debug|Win32.ActiveCfg = Debug|Win32
		{993245CF-6B70-47EE-91BB-39F8FC6DC0E7}.Setup Debug|x64.ActiveCfg = Debug|Win32
		{993245CF-6B70-47EE-91BB-39F8FC6DC0E7}.Setup|Mixed Platforms.ActiveCfg = Release|Win32
		{993245CF-6B70-47EE-91BB-39F8FC6DC0E7}.Setup|Mixed Platforms.Build.0 = Release|Win32
		{993245CF-6B70-47EE-91BB-39F8FC6DC0E7}.Setup|Win32.ActiveCfg = Release|Win32
		{993245CF-6B70-47EE-91BB-39F8FC6DC0E7}.Setup|x64.ActiveCfg = Release|Win32
		{993245CF-6B70-47EE-91BB-39F8FC6DC0E7}.Win7 Debug|Mixed Platforms.ActiveCfg = Debug|Win32
		{993245CF-6B70-47EE-91BB-39F8FC6DC0E7}.Win7 Debug|Mixed Platforms.Build.0 = Debug|Win32
		{993245CF-6B70-47EE-91BB-39F8FC6DC0E7}.Win7 Debug|Win32.ActiveCfg = Debug|Win32
		{993245CF-6B70-47EE-91BB-39F8FC6DC0E7}.Win7 Debug|Win32.Build.0 = Debug|Win32
		{993245CF-6B70-47EE-91BB-39F8FC6DC0E7}.Win7 Debug|x64.ActiveCfg = Debug|Win32
		{993245CF-6B70-47EE-91BB-39F8FC6DC0E7}.Win7 Release|Mixed Platforms.ActiveCfg = Release|Win32
		{993245CF-6B70-47EE-91BB-39F8FC6DC0E7}.Win7 Release|Mixed Platforms.Build.0 = Release|Win32
		{993245CF-6B70-47EE-91BB-39F8FC6DC0E7}.Win7 Release|Win32.ActiveCfg = Release|Win32
		{993245CF-6B70-47EE-91BB-39F8FC6DC0E7}.Win7 Release|Win32.Build.0 = Release|Win32
		{993245CF-6B70-47EE-91BB-39F8FC6DC0E7}.Win7 Release|x64.ActiveCfg = Release|Win32
		{993245CF-6B70-47EE-91BB-39F8FC6DC0E7}.Win8 Debug|Mixed Platforms.ActiveCfg = Debug|Win32
		{993245CF-6B70-47EE-91BB-39F8FC6DC0E7}.Win8 Debug|Mixed Platforms.Build.0 = Debug|Win32
		{993245CF-6B70-47EE-91BB-39F8FC6DC0E7}.Win8 Debug|Win32.ActiveCfg = Debug|Win32
		{993245CF-6B70-47EE-91BB-39F8FC6DC0E7}.Win8 Debug|Win32.Build.0 = Debug|Win32
		{993245CF-6B70-47EE-91BB-39F8FC6DC0E7}.Win8 Debug|x64.ActiveCfg = Debug|Win32
		{993245CF-6B70-47EE-91BB-39F8FC6DC0E7}.Win8 Release|Mixed Platforms.ActiveCfg = Release|Win32
		{993245CF-6B70-47EE-91BB-39F8FC6DC0E7}.Win8 Release|Mixed Platforms.Build.0 = Release|Win32
		{993245CF-6B70-47EE-91BB-39F8FC6DC0E7}.Win8 Release|Win32.ActiveCfg = Release|Win32
		{993245CF-6B70-47EE-91BB-39F8FC6DC0E7}.Win8 Release|Win32.Build.0 = Release|Win32
		{993245CF-6B70-47EE-91BB-39F8FC6DC0E7}.Win8 Release|x64.ActiveCfg = Release|Win32
		{993245CF-6B70-47EE-91BB-39F8FC6DC0E7}.Win8.1 Debug|Mixed Platforms.ActiveCfg = Debug|Win32
		{993245CF-6B70-47EE-91BB-39F8FC6DC0E7}.Win8.1 Debug|Mixed Platforms.Build.0 = Debug|Win32
		{993245CF-6B70-47EE-91BB-39F8FC6DC0E7}.Win8.1 Debug|Win32.ActiveCfg = Debug|Win32
		{993245CF-6B70-47EE-91BB-39F8FC6DC0E7}.Win8.1 Debug|Win32.Build.0 = Debug|Win32
		{993245CF-6B70-47EE-91BB-39F8FC6DC0E7}.Win8.1 Debug|x64.ActiveCfg = Debug|Win32
		{993245CF-6B70-47EE-91BB-39F8FC6DC0E7}.Win8.1 Release|Mixed Platforms.ActiveCfg = Release|Win32
		{993245CF-6B70-47EE-91BB-39F8FC6DC0E7}.Win8.1 Release|Mixed Platforms.Build.0 = Release|Win32
		{993245CF-6B70-47EE-91BB-39F8FC6DC0E7}.Win8.1 Release|Win32.ActiveCfg = Release|Win32
		{993245CF-6B70-47EE-91BB-39F8FC6DC0E7}.Win8.1 Release|Win32.Build.0 = Release|Win32
		{993245CF-6B70-47EE-91BB-39F8FC6DC0E7}.Win8.1 Release|x64.ActiveCfg = Release|Win32
		{EF5EF444-18D0-40D7-8DFA-775EC4448602}.All Debug|Mixed Platforms.ActiveCfg = Debug|Win32
		{EF5EF444-18D0-40D7-8DFA-775EC4448602}.All Debug|Mixed Platforms.Build.0 = Debug|Win32
		{EF5EF444-18D0-40D7-8DFA-775EC4448602}.All Debug|Win32.ActiveCfg = Debug|Win32
		{EF5EF444-18D0-40D7-8DFA-775EC4448602}.All Debug|Win32.Build.0 = Debug|Win32
		{EF5EF444-18D0-40D7-8DFA-775EC4448602}.All Debug|x64.ActiveCfg = Debug|Win32
		{EF5EF444-18D0-40D7-8DFA-775EC4448602}.All|Mixed Platforms.ActiveCfg = Debug x86|Win32
		{EF5EF444-18D0-40D7-8DFA-775EC4448602}.All|Mixed Platforms.Build.0 = Debug x86|Win32
		{EF5EF444-18D0-40D7-8DFA-775EC4448602}.All|Win32.ActiveCfg = Release|Win32
		{EF5EF444-18D0-40D7-8DFA-775EC4448602}.All|Win32.Build.0 = Release|Win32
		{EF5EF444-18D0-40D7-8DFA-775EC4448602}.All|x64.ActiveCfg = Release x86|Win32
		{EF5EF444-18D0-40D7-8DFA-775EC4448602}.Boot Loader|Mixed Platforms.ActiveCfg = Debug x86|Win32
		{EF5EF444-18D0-40D7-8DFA-775EC4448602}.Boot Loader|Mixed Platforms.Build.0 = Debug x86|Win32
		{EF5EF444-18D0-40D7-8DFA-775EC4448602}.Boot Loader|Win32.ActiveCfg = Release|Win32
		{EF5EF444-18D0-40D7-8DFA-775EC4448602}.Boot Loader|x64.ActiveCfg = Release x86|Win32
		{EF5EF444-18D0-40D7-8DFA-775EC4448602}.Boot|Mixed Platforms.ActiveCfg = Debug x86|Win32
		{EF5EF444-18D0-40D7-8DFA-775EC4448602}.Boot|Mixed Platforms.Build.0 = Debug x86|Win32
		{EF5EF444-18D0-40D7-8DFA-775EC4448602}.Boot|Win32.ActiveCfg = Release|Win32
		{EF5EF444-18D0-40D7-8DFA-775EC4448602}.Boot|x64.ActiveCfg = Release x86|Win32
		{EF5EF444-18D0-40D7-8DFA-775EC4448602}.Debug|Mixed Platforms.ActiveCfg = Debug|Win32
		{EF5EF444-18D0-40D7-8DFA-775EC4448602}.Debug|Mixed Platforms.Build.0 = Debug|Win32
		{EF5EF444-18D0-40D7-8DFA-775EC4448602}.Debug|Win32.ActiveCfg = Debug|Win32
		{EF5EF444-18D0-40D7-8DFA-775EC4448602}.Debug|Win32.Build.0 = Debug|Win32
		{EF5EF444-18D0-40D7-8DFA-775EC4448602}.Debug|x64.ActiveCfg = Debug|Win32
		{EF5EF444-18D0-40D7-8DFA-775EC4448602}.Driver Debug|Mixed Platforms.ActiveCfg = Debug|Win32
		{EF5EF444-18D0-40D7-8DFA-775EC4448602}.Driver Debug|Mixed Platforms.Build.0 = Debug|Win32
		{EF5EF444-18D0-40D7-8DFA-775EC4448602}.Driver Debug|Win32.ActiveCfg = Debug|Win32
		{EF5EF444-18D0-40D7-8DFA-775EC4448602}.Driver Debug|Win32.Build.0 = Debug|Win32
		{EF5EF444-18D0-40D7-8DFA-775EC4448602}.Driver Debug|x64.ActiveCfg = Debug|Win32
		{EF5EF444-18D0-40D7-8DFA-775EC4448602}.Driver x64 Debug|Mixed Platforms.ActiveCfg = Debug|Win32
		{EF5EF444-18D0-40D7-8DFA-775EC4448602}.Driver x64 Debug|Mixed Platforms.Build.0 = Debug|Win32
		{EF5EF444-18D0-40D7-8DFA-775EC4448602}.Driver x64 Debug|Win32.ActiveCfg = Debug x64|Win32
		{EF5EF444-18D0-40D7-8DFA-775EC4448602}.Driver x64 Debug|Win32.Build.0 = Debug x64|Win32
		{EF5EF444-18D0-40D7-8DFA-775EC4448602}.Driver x64 Debug|x64.ActiveCfg = Debug|Win32
		{EF5EF444-18D0-40D7-8DFA-775EC4448602}.Driver x64|Mixed Platforms.ActiveCfg = Debug x86|Win32
		{EF5EF444-18D0-40D7-8DFA-775EC4448602}.Driver x64|Mixed Platforms.Build.0 = Debug x86|Win32
		{EF5EF444-18D0-40D7-8DFA-775EC4448602}.Driver x64|Win32.ActiveCfg = Release x64|Win32
		{EF5EF444-18D0-40D7-8DFA-775EC4448602}.Driver x64|Win32.Build.0 = Release x64|Win32
		{EF5EF444-18D0-40D7-8DFA-775EC4448602}.Driver x64|x64.ActiveCfg = Debug x86|Win32
		{EF5EF444-18D0-40D7-8DFA-775EC4448602}.Driver x86 Debug|Mixed Platforms.ActiveCfg = Debug|Win32
		{EF5EF444-18D0-40D7-8DFA-775EC4448602}.Driver x86 Debug|Mixed Platforms.Build.0 = Debug|Win32
		{EF5EF444-18D0-40D7-8DFA-775EC4448602}.Driver x86 Debug|Win32.ActiveCfg = Debug x86|Win32
		{EF5EF444-18D0-40D7-8DFA-775EC4448602}.Driver x86 Debug|Win32.Build.0 = Debug x86|Win32
		{EF5EF444-18D0-40D7-8DFA-775EC4448602}.Driver x86 Debug|x64.ActiveCfg = Debug|Win32
		{EF5EF444-18D0-40D7-8DFA-775EC4448602}.Driver x86|Mixed Platforms.ActiveCfg = Debug x86|Win32
		{EF5EF444-18D0-40D7-8DFA-775EC4448602}.Driver x86|Mixed Platforms.Build.0 = Debug x86|Win32
		{EF5EF444-18D0-40D7-8DFA-775EC4448602}.Driver x86|Win32.ActiveCfg = Release x86|Win32
		{EF5EF444-18D0-40D7-8DFA-775EC4448602}.Driver x86|Win32.Build.0 = Release x86|Win32
		{EF5EF444-18D0-40D7-8DFA-775EC4448602}.Driver x86|x64.ActiveCfg = Debug x86|Win32
		{EF5EF444-18D0-40D7-8DFA-775EC4448602}.Driver|Mixed Platforms.ActiveCfg = Debug x86|Win32
		{EF5EF444-18D0-40D7-8DFA-775EC4448602}.Driver|Mixed Platforms.Build.0 = Debug x86|Win32
		{EF5EF444-18D0-40D7-8DFA-775EC4448602}.Driver|Win32.ActiveCfg = Release|Win32
		{EF5EF444-18D0-40D7-8DFA-775EC4448602}.Driver|Win32.Build.0 = Release|Win32
		{EF5EF444-18D0-40D7-8DFA-775EC4448602}.Driver|x64.ActiveCfg = Debug x86|Win32
		{EF5EF444-18D0-40D7-8DFA-775EC4448602}.Format Debug|Mixed Platforms.ActiveCfg = Debug|Win32
		{EF5EF444-18D0-40D7-8DFA-775EC4448602}.Format Debug|Mixed Platforms.Build.0 = Debug|Win32
		{EF5EF444-18D0-40D7-8DFA-775EC4448602}.Format Debug|Win32.ActiveCfg = Debug|Win32
		{EF5EF444-18D0-40D7-8DFA-775EC4448602}.Format Debug|x64.ActiveCfg = Debug|Win32
		{EF5EF444-18D0-40D7-8DFA-775EC4448602}.Format|Mixed Platforms.ActiveCfg = Debug x86|Win32
		{EF5EF444-18D0-40D7-8DFA-775EC4448602}.Format|Mixed Platforms.Build.0 = Debug x86|Win32
		{EF5EF444-18D0-40D7-8DFA-775EC4448602}.Format|Win32.ActiveCfg = Release|Win32
		{EF5EF444-18D0-40D7-8DFA-775EC4448602}.Format|x64.ActiveCfg = Release x86|Win32
		{EF5EF444-18D0-40D7-8DFA-775EC4448602}.Mount Debug|Mixed Platforms.ActiveCfg = Debug|Win32
		{EF5EF444-18D0-40D7-8DFA-775EC4448602}.Mount Debug|Mixed Platforms.Build.0 = Debug|Win32
		{EF5EF444-18D0-40D7-8DFA-775EC4448602}.Mount Debug|Win32.ActiveCfg = Debug|Win32
		{EF5EF444-18D0-40D7-8DFA-775EC4448602}.Mount Debug|x64.ActiveCfg = Debug|Win32
		{EF5EF444-18D0-40D7-8DFA-775EC4448602}.Mount|Mixed Platforms.ActiveCfg = Debug x86|Win32
		{EF5EF444-18D0-40D7-8DFA-775EC4448602}.Mount|Mixed Platforms.Build.0 = Debug x86|Win32
		{EF5EF444-18D0-40D7-8DFA-775EC4448602}.Mount|Win32.ActiveCfg = Release|Win32
		{EF5EF444-18D0-40D7-8DFA-775EC4448602}.Mount|x64.ActiveCfg = Release x86|Win32
		{EF5EF444-18D0-40D7-8DFA-775EC4448602}.Release|Mixed Platforms.ActiveCfg = Release|Win32
		{EF5EF444-18D0-40D7-8DFA-775EC4448602}.Release|Mixed Platforms.Build.0 = Release|Win32
		{EF5EF444-18D0-40D7-8DFA-775EC4448602}.Release|Win32.ActiveCfg = Release|Win32
		{EF5EF444-18D0-40D7-8DFA-775EC4448602}.Release|Win32.Build.0 = Release|Win32
		{EF5EF444-18D0-40D7-8DFA-775EC4448602}.Release|x64.ActiveCfg = Release|Win32
		{EF5EF444-18D0-40D7-8DFA-775EC4448602}.Setup Debug|Mixed Platforms.ActiveCfg = Debug|Win32
		{EF5EF444-18D0-40D7-8DFA-775EC4448602}.Setup Debug|Mixed Platforms.Build.0 = Debug|Win32
		{EF5EF444-18D0-40D7-8DFA-775EC4448602}.Setup Debug|Win32.ActiveCfg = Debug|Win32
		{EF5EF444-18D0-40D7-8DFA-775EC4448602}.Setup Debug|x64.ActiveCfg = Debug|Win32
		{EF5EF444-18D0-40D7-8DFA-775EC4448602}.Setup|Mixed Platforms.ActiveCfg = Debug x86|Win32
		{EF5EF444-18D0-40D7-8DFA-775EC4448602}.Setup|Mixed Platforms.Build.0 = Debug x86|Win32
		{EF5EF444-18D0-40D7-8DFA-775EC4448602}.Setup|Win32.ActiveCfg = Release|Win32
		{EF5EF444-18D0-40D7-8DFA-775EC4448602}.Setup|x64.ActiveCfg = Release x86|Win32
		{EF5EF444-18D0-40D7-8DFA-775EC4448602}.Win7 Debug|Mixed Platforms.ActiveCfg = Debug|Win32
		{EF5EF444-18D0-40D7-8DFA-775EC4448602}.Win7 Debug|Mixed Platforms.Build.0 = Debug|Win32
		{EF5EF444-18D0-40D7-8DFA-775EC4448602}.Win7 Debug|Win32.ActiveCfg = Debug|Win32
		{EF5EF444-18D0-40D7-8DFA-775EC4448602}.Win7 Debug|Win32.Build.0 = Debug|Win32
		{EF5EF444-18D0-40D7-8DFA-775EC4448602}.Win7 Debug|x64.ActiveCfg = Debug|Win32
		{EF5EF444-18D0-40D7-8DFA-775EC4448602}.Win7 Release|Mixed Platforms.ActiveCfg = Release|Win32
		{EF5EF444-18D0-40D7-8DFA-775EC4448602}.Win7 Release|Mixed Platforms.Build.0 = Release|Win32
		{EF5EF444-18D0-40D7-8DFA-775EC4448602}.Win7 Release|Win32.ActiveCfg = Release|Win32
		{EF5EF444-18D0-40D7-8DFA-775EC4448602}.Win7 Release|Win32.Build.0 = Release|Win32
		{EF5EF444-18D0-40D7-8DFA-775EC4448602}.Win7 Release|x64.ActiveCfg = Release|Win32
		{EF5EF444-18D0-40D7-8DFA-775EC4448602}.Win8 Debug|Mixed Platforms.ActiveCfg = Debug|Win32
		{EF5EF444-18D0-40D7-8DFA-775EC4448602}.Win8 Debug|Mixed Platforms.Build.0 = Debug|Win32
		{EF5EF444-18D0-40D7-8DFA-775EC4448602}.Win8 Debug|Win32.ActiveCfg = Debug|Win32
		{EF5EF444-18D0-40D7-8DFA-775EC4448602}.Win8 Debug|Win32.Build.0 = Debug|Win32
		{EF5EF444-18D0-40D7-8DFA-775EC4448602}.Win8 Debug|x64.ActiveCfg = Debug|Win32
		{EF5EF444-18D0-40D7-8DFA-775EC4448602}.Win8 Release|Mixed Platforms.ActiveCfg = Release|Win32
		{EF5EF444-18D0-40D7-8DFA-775EC4448602}.Win8 Release|Mixed Platforms.Build.0 = Release|Win32
		{EF5EF444-18D0-40D7-8DFA-775EC4448602}.Win8 Release|Win32.ActiveCfg = Release|Win32
		{EF5EF444-18D0-40D7-8DFA-775EC4448602}.Win8 Release|Win32.Build.0 = Release|Win32
		{EF5EF444-18D0-40D7-8DFA-775EC4448602}.Win8 Release|x64.ActiveCfg = Release|Win32
		{EF5EF444-18D0-40D7-8DFA-775EC4448602}.Win8.1 Debug|Mixed Platforms.ActiveCfg = Debug|Win32
		{EF5EF444-18D0-40D7-8DFA-775EC4448602}.Win8.1 Debug|Mixed Platforms.Build.0 = Debug|Win32
		{EF5EF444-18D0-40D7-8DFA-775EC4448602}.Win8.1 Debug|Win32.ActiveCfg = Debug|Win32
		{EF5EF444-18D0-40D7-8DFA-775EC4448602}.Win8.1 Debug|Win32.Build.0 = Debug|Win32
		{EF5EF444-18D0-40D7-8DFA-775EC4448602}.Win8.1 Debug|x64.ActiveCfg = Debug|Win32
		{EF5EF444-18D0-40D7-8DFA-775EC4448602}.Win8.1 Release|Mixed Platforms.ActiveCfg = Release|Win32
		{EF5EF444-18D0-40D7-8DFA-775EC4448602}.Win8.1 Release|Mixed Platforms.Build.0 = Release|Win32
		{EF5EF444-18D0-40D7-8DFA-775EC4448602}.Win8.1 Release|Win32.ActiveCfg = Release|Win32
		{EF5EF444-18D0-40D7-8DFA-775EC4448602}.Win8.1 Release|Win32.Build.0 = Release|Win32
		{EF5EF444-18D0-40D7-8DFA-775EC4448602}.Win8.1 Release|x64.ActiveCfg = Release|Win32
		{9DC1ABE2-D18B-48FB-81D2-8C50ADC57BCF}.All Debug|Mixed Platforms.ActiveCfg = Debug|Win32
		{9DC1ABE2-D18B-48FB-81D2-8C50ADC57BCF}.All Debug|Mixed Platforms.Build.0 = Debug|Win32
		{9DC1ABE2-D18B-48FB-81D2-8C50ADC57BCF}.All Debug|Win32.ActiveCfg = Debug|Win32
		{9DC1ABE2-D18B-48FB-81D2-8C50ADC57BCF}.All Debug|Win32.Build.0 = Debug|Win32
		{9DC1ABE2-D18B-48FB-81D2-8C50ADC57BCF}.All Debug|x64.ActiveCfg = Debug|Win32
		{9DC1ABE2-D18B-48FB-81D2-8C50ADC57BCF}.All|Mixed Platforms.ActiveCfg = Release|Win32
		{9DC1ABE2-D18B-48FB-81D2-8C50ADC57BCF}.All|Mixed Platforms.Build.0 = Release|Win32
		{9DC1ABE2-D18B-48FB-81D2-8C50ADC57BCF}.All|Win32.ActiveCfg = Release|Win32
		{9DC1ABE2-D18B-48FB-81D2-8C50ADC57BCF}.All|Win32.Build.0 = Release|Win32
		{9DC1ABE2-D18B-48FB-81D2-8C50ADC57BCF}.All|x64.ActiveCfg = Release|Win32
		{9DC1ABE2-D18B-48FB-81D2-8C50ADC57BCF}.Boot Loader|Mixed Platforms.ActiveCfg = Release|Win32
		{9DC1ABE2-D18B-48FB-81D2-8C50ADC57BCF}.Boot Loader|Mixed Platforms.Build.0 = Release|Win32
		{9DC1ABE2-D18B-48FB-81D2-8C50ADC57BCF}.Boot Loader|Win32.ActiveCfg = Release|Win32
		{9DC1ABE2-D18B-48FB-81D2-8C50ADC57BCF}.Boot Loader|x64.ActiveCfg = Release|Win32
		{9DC1ABE2-D18B-48FB-81D2-8C50ADC57BCF}.Boot|Mixed Platforms.ActiveCfg = Release|Win32
		{9DC1ABE2-D18B-48FB-81D2-8C50ADC57BCF}.Boot|Mixed Platforms.Build.0 = Release|Win32
		{9DC1ABE2-D18B-48FB-81D2-8C50ADC57BCF}.Boot|Win32.ActiveCfg = Release|Win32
		{9DC1ABE2-D18B-48FB-81D2-8C50ADC57BCF}.Boot|x64.ActiveCfg = Release|Win32
		{9DC1ABE2-D18B-48FB-81D2-8C50ADC57BCF}.Debug|Mixed Platforms.ActiveCfg = Debug|Win32
		{9DC1ABE2-D18B-48FB-81D2-8C50ADC57BCF}.Debug|Mixed Platforms.Build.0 = Debug|Win32
		{9DC1ABE2-D18B-48FB-81D2-8C50ADC57BCF}.Debug|Win32.ActiveCfg = Debug|Win32
		{9DC1ABE2-D18B-48FB-81D2-8C50ADC57BCF}.Debug|Win32.Build.0 = Debug|Win32
		{9DC1ABE2-D18B-48FB-81D2-8C50ADC57BCF}.Debug|x64.ActiveCfg = Debug|Win32
		{9DC1ABE2-D18B-48FB-81D2-8C50ADC57BCF}.Driver Debug|Mixed Platforms.ActiveCfg = Debug|Win32
		{9DC1ABE2-D18B-48FB-81D2-8C50ADC57BCF}.Driver Debug|Mixed Platforms.Build.0 = Debug|Win32
		{9DC1ABE2-D18B-48FB-81D2-8C50ADC57BCF}.Driver Debug|Win32.ActiveCfg = Debug|Win32
		{9DC1ABE2-D18B-48FB-81D2-8C50ADC57BCF}.Driver Debug|x64.ActiveCfg = Debug|Win32
		{9DC1ABE2-D18B-48FB-81D2-8C50ADC57BCF}.Driver x64 Debug|Mixed Platforms.ActiveCfg = Debug|Win32
		{9DC1ABE2-D18B-48FB-81D2-8C50ADC57BCF}.Driver x64 Debug|Mixed Platforms.Build.0 = Debug|Win32
		{9DC1ABE2-D18B-48FB-81D2-8C50ADC57BCF}.Driver x64 Debug|Win32.ActiveCfg = Debug|Win32
		{9DC1ABE2-D18B-48FB-81D2-8C50ADC57BCF}.Driver x64 Debug|x64.ActiveCfg = Debug|Win32
		{9DC1ABE2-D18B-48FB-81D2-8C50ADC57BCF}.Driver x64|Mixed Platforms.ActiveCfg = Debug|Win32
		{9DC1ABE2-D18B-48FB-81D2-8C50ADC57BCF}.Driver x64|Mixed Platforms.Build.0 = Debug|Win32
		{9DC1ABE2-D18B-48FB-81D2-8C50ADC57BCF}.Driver x64|Win32.ActiveCfg = Release|Win32
		{9DC1ABE2-D18B-48FB-81D2-8C50ADC57BCF}.Driver x64|x64.ActiveCfg = Debug|Win32
		{9DC1ABE2-D18B-48FB-81D2-8C50ADC57BCF}.Driver x86 Debug|Mixed Platforms.ActiveCfg = Debug|Win32
		{9DC1ABE2-D18B-48FB-81D2-8C50ADC57BCF}.Driver x86 Debug|Mixed Platforms.Build.0 = Debug|Win32
		{9DC1ABE2-D18B-48FB-81D2-8C50ADC57BCF}.Driver x86 Debug|Win32.ActiveCfg = Debug|Win32
		{9DC1ABE2-D18B-48FB-81D2-8C50ADC57BCF}.Driver x86 Debug|x64.ActiveCfg = Debug|Win32
		{9DC1ABE2-D18B-48FB-81D2-8C50ADC57BCF}.Driver x86|Mixed Platforms.ActiveCfg = Debug|Win32
		{9DC1ABE2-D18B-48FB-81D2-8C50ADC57BCF}.Driver x86|Mixed Platforms.Build.0 = Debug|Win32
		{9DC1ABE2-D18B-48FB-81D2-8C50ADC57BCF}.Driver x86|Win32.ActiveCfg = Release|Win32
		{9DC1ABE2-D18B-48FB-81D2-8C50ADC57BCF}.Driver x86|x64.ActiveCfg = Debug|Win32
		{9DC1ABE2-D18B-48FB-81D2-8C50ADC57BCF}.Driver|Mixed Platforms.ActiveCfg = Debug|Win32
		{9DC1ABE2-D18B-48FB-81D2-8C50ADC57BCF}.Driver|Mixed Platforms.Build.0 = Debug|Win32
		{9DC1ABE2-D18B-48FB-81D2-8C50ADC57BCF}.Driver|Win32.ActiveCfg = Release|Win32
		{9DC1ABE2-D18B-48FB-81D2-8C50ADC57BCF}.Driver|x64.ActiveCfg = Debug|Win32
		{9DC1ABE2-D18B-48FB-81D2-8C50ADC57BCF}.Format Debug|Mixed Platforms.ActiveCfg = Debug|Win32
		{9DC1ABE2-D18B-48FB-81D2-8C50ADC57BCF}.Format Debug|Mixed Platforms.Build.0 = Debug|Win32
		{9DC1ABE2-D18B-48FB-81D2-8C50ADC57BCF}.Format Debug|Win32.ActiveCfg = Debug|Win32
		{9DC1ABE2-D18B-48FB-81D2-8C50ADC57BCF}.Format Debug|Win32.Build.0 = Debug|Win32
		{9DC1ABE2-D18B-48FB-81D2-8C50ADC57BCF}.Format Debug|x64.ActiveCfg = Debug|Win32
		{9DC1ABE2-D18B-48FB-81D2-8C50ADC57BCF}.Format|Mixed Platforms.ActiveCfg = Release|Win32
		{9DC1ABE2-D18B-48FB-81D2-8C50ADC57BCF}.Format|Mixed Platforms.Build.0 = Release|Win32
		{9DC1ABE2-D18B-48FB-81D2-8C50ADC57BCF}.Format|Win32.ActiveCfg = Release|Win32
		{9DC1ABE2-D18B-48FB-81D2-8C50ADC57BCF}.Format|Win32.Build.0 = Release|Win32
		{9DC1ABE2-D18B-48FB-81D2-8C50ADC57BCF}.Format|x64.ActiveCfg = Release|Win32
		{9DC1ABE2-D18B-48FB-81D2-8C50ADC57BCF}.Mount Debug|Mixed Platforms.ActiveCfg = Debug|Win32
		{9DC1ABE2-D18B-48FB-81D2-8C50ADC57BCF}.Mount Debug|Mixed Platforms.Build.0 = Debug|Win32
		{9DC1ABE2-D18B-48FB-81D2-8C50ADC57BCF}.Mount Debug|Win32.ActiveCfg = Debug|Win32
		{9DC1ABE2-D18B-48FB-81D2-8C50ADC57BCF}.Mount Debug|x64.ActiveCfg = Debug|Win32
		{9DC1ABE2-D18B-48FB-81D2-8C50ADC57BCF}.Mount|Mixed Platforms.ActiveCfg = Release|Win32
		{9DC1ABE2-D18B-48FB-81D2-8C50ADC57BCF}.Mount|Mixed Platforms.Build.0 = Release|Win32
		{9DC1ABE2-D18B-48FB-81D2-8C50ADC57BCF}.Mount|Win32.ActiveCfg = Release|Win32
		{9DC1ABE2-D18B-48FB-81D2-8C50ADC57BCF}.Mount|x64.ActiveCfg = Release|Win32
		{9DC1ABE2-D18B-48FB-81D2-8C50ADC57BCF}.Release|Mixed Platforms.ActiveCfg = Release|Win32
		{9DC1ABE2-D18B-48FB-81D2-8C50ADC57BCF}.Release|Mixed Platforms.Build.0 = Release|Win32
		{9DC1ABE2-D18B-48FB-81D2-8C50ADC57BCF}.Release|Win32.ActiveCfg = Release|Win32
		{9DC1ABE2-D18B-48FB-81D2-8C50ADC57BCF}.Release|Win32.Build.0 = Release|Win32
		{9DC1ABE2-D18B-48FB-81D2-8C50ADC57BCF}.Release|x64.ActiveCfg = Release|Win32
		{9DC1ABE2-D18B-48FB-81D2-8C50ADC57BCF}.Setup Debug|Mixed Platforms.ActiveCfg = Debug|Win32
		{9DC1ABE2-D18B-48FB-81D2-8C50ADC57BCF}.Setup Debug|Mixed Platforms.Build.0 = Debug|Win32
		{9DC1ABE2-D18B-48FB-81D2-8C50ADC57BCF}.Setup Debug|Win32.ActiveCfg = Debug|Win32
		{9DC1ABE2-D18B-48FB-81D2-8C50ADC57BCF}.Setup Debug|x64.ActiveCfg = Debug|Win32
		{9DC1ABE2-D18B-48FB-81D2-8C50ADC57BCF}.Setup|Mixed Platforms.ActiveCfg = Release|Win32
		{9DC1ABE2-D18B-48FB-81D2-8C50ADC57BCF}.Setup|Mixed Platforms.Build.0 = Release|Win32
		{9DC1ABE2-D18B-48FB-81D2-8C50ADC57BCF}.Setup|Win32.ActiveCfg = Release|Win32
		{9DC1ABE2-D18B-48FB-81D2-8C50ADC57BCF}.Setup|x64.ActiveCfg = Release|Win32
		{9DC1ABE2-D18B-48FB-81D2-8C50ADC57BCF}.Win7 Debug|Mixed Platforms.ActiveCfg = Debug|Win32
		{9DC1ABE2-D18B-48FB-81D2-8C50ADC57BCF}.Win7 Debug|Mixed Platforms.Build.0 = Debug|Win32
		{9DC1ABE2-D18B-48FB-81D2-8C50ADC57BCF}.Win7 Debug|Win32.ActiveCfg = Debug|Win32
		{9DC1ABE2-D18B-48FB-81D2-8C50ADC57BCF}.Win7 Debug|Win32.Build.0 = Debug|Win32
		{9DC1ABE2-D18B-48FB-81D2-8C50ADC57BCF}.Win7 Debug|x64.ActiveCfg = Debug|Win32
		{9DC1ABE2-D18B-48FB-81D2-8C50ADC57BCF}.Win7 Release|Mixed Platforms.ActiveCfg = Release|Win32
		{9DC1ABE2-D18B-48FB-81D2-8C50ADC57BCF}.Win7 Release|Mixed Platforms.Build.0 = Release|Win32
		{9DC1ABE2-D18B-48FB-81D2-8C50ADC57BCF}.Win7 Release|Win32.ActiveCfg = Release|Win32
		{9DC1ABE2-D18B-48FB-81D2-8C50ADC57BCF}.Win7 Release|Win32.Build.0 = Release|Win32
		{9DC1ABE2-D18B-48FB-81D2-8C50ADC57BCF}.Win7 Release|x64.ActiveCfg = Release|Win32
		{9DC1ABE2-D18B-48FB-81D2-8C50ADC57BCF}.Win8 Debug|Mixed Platforms.ActiveCfg = Debug|Win32
		{9DC1ABE2-D18B-48FB-81D2-8C50ADC57BCF}.Win8 Debug|Mixed Platforms.Build.0 = Debug|Win32
		{9DC1ABE2-D18B-48FB-81D2-8C50ADC57BCF}.Win8 Debug|Win32.ActiveCfg = Debug|Win32
		{9DC1ABE2-D18B-48FB-81D2-8C50ADC57BCF}.Win8 Debug|Win32.Build.0 = Debug|Win32
		{9DC1ABE2-D18B-48FB-81D2-8C50ADC57BCF}.Win8 Debug|x64.ActiveCfg = Debug|Win32
		{9DC1ABE2-D18B-48FB-81D2-8C50ADC57BCF}.Win8 Release|Mixed Platforms.ActiveCfg = Release|Win32
		{9DC1ABE2-D18B-48FB-81D2-8C50ADC57BCF}.Win8 Release|Mixed Platforms.Build.0 = Release|Win32
		{9DC1ABE2-D18B-48FB-81D2-8C50ADC57BCF}.Win8 Release|Win32.ActiveCfg = Release|Win32
		{9DC1ABE2-D18B-48FB-81D2-8C50ADC57BCF}.Win8 Release|Win32.Build.0 = Release|Win32
		{9DC1ABE2-D18B-48FB-81D2-8C50ADC57BCF}.Win8 Release|x64.ActiveCfg = Release|Win32
		{9DC1ABE2-D18B-48FB-81D2-8C50ADC57BCF}.Win8.1 Debug|Mixed Platforms.ActiveCfg = Debug|Win32
		{9DC1ABE2-D18B-48FB-81D2-8C50ADC57BCF}.Win8.1 Debug|Mixed Platforms.Build.0 = Debug|Win32
		{9DC1ABE2-D18B-48FB-81D2-8C50ADC57BCF}.Win8.1 Debug|Win32.ActiveCfg = Debug|Win32
		{9DC1ABE2-D18B-48FB-81D2-8C50ADC57BCF}.Win8.1 Debug|Win32.Build.0 = Debug|Win32
		{9DC1ABE2-D18B-48FB-81D2-8C50ADC57BCF}.Win8.1 Debug|x64.ActiveCfg = Debug|Win32
		{9DC1ABE2-D18B-48FB-81D2-8C50ADC57BCF}.Win8.1 Release|Mixed Platforms.ActiveCfg = Release|Win32
		{9DC1ABE2-D18B-48FB-81D2-8C50ADC57BCF}.Win8.1 Release|Mixed Platforms.Build.0 = Release|Win32
		{9DC1ABE2-D18B-48FB-81D2-8C50ADC57BCF}.Win8.1 Release|Win32.ActiveCfg = Release|Win32
		{9DC1ABE2-D18B-48FB-81D2-8C50ADC57BCF}.Win8.1 Release|Win32.Build.0 = Release|Win32
		{9DC1ABE2-D18B-48FB-81D2-8C50ADC57BCF}.Win8.1 Release|x64.ActiveCfg = Release|Win32
		{E4C40F94-E7F9-4981-86E4-186B46F993F3}.All Debug|Mixed Platforms.ActiveCfg = Debug|Win32
		{E4C40F94-E7F9-4981-86E4-186B46F993F3}.All Debug|Mixed Platforms.Build.0 = Debug|Win32
		{E4C40F94-E7F9-4981-86E4-186B46F993F3}.All Debug|Win32.ActiveCfg = Debug|Win32
		{E4C40F94-E7F9-4981-86E4-186B46F993F3}.All Debug|Win32.Build.0 = Debug|Win32
		{E4C40F94-E7F9-4981-86E4-186B46F993F3}.All Debug|x64.ActiveCfg = Debug|Win32
		{E4C40F94-E7F9-4981-86E4-186B46F993F3}.All|Mixed Platforms.ActiveCfg = Release|Win32
		{E4C40F94-E7F9-4981-86E4-186B46F993F3}.All|Mixed Platforms.Build.0 = Release|Win32
		{E4C40F94-E7F9-4981-86E4-186B46F993F3}.All|Win32.ActiveCfg = Release|Win32
		{E4C40F94-E7F9-4981-86E4-186B46F993F3}.All|Win32.Build.0 = Release|Win32
		{E4C40F94-E7F9-4981-86E4-186B46F993F3}.All|x64.ActiveCfg = Release|Win32
		{E4C40F94-E7F9-4981-86E4-186B46F993F3}.Boot Loader|Mixed Platforms.ActiveCfg = Release|Win32
		{E4C40F94-E7F9-4981-86E4-186B46F993F3}.Boot Loader|Mixed Platforms.Build.0 = Release|Win32
		{E4C40F94-E7F9-4981-86E4-186B46F993F3}.Boot Loader|Win32.ActiveCfg = Release|Win32
		{E4C40F94-E7F9-4981-86E4-186B46F993F3}.Boot Loader|x64.ActiveCfg = Release|Win32
		{E4C40F94-E7F9-4981-86E4-186B46F993F3}.Boot|Mixed Platforms.ActiveCfg = Release|Win32
		{E4C40F94-E7F9-4981-86E4-186B46F993F3}.Boot|Mixed Platforms.Build.0 = Release|Win32
		{E4C40F94-E7F9-4981-86E4-186B46F993F3}.Boot|Win32.ActiveCfg = Release|Win32
		{E4C40F94-E7F9-4981-86E4-186B46F993F3}.Boot|x64.ActiveCfg = Release|Win32
		{E4C40F94-E7F9-4981-86E4-186B46F993F3}.Debug|Mixed Platforms.ActiveCfg = Debug|Win32
		{E4C40F94-E7F9-4981-86E4-186B46F993F3}.Debug|Mixed Platforms.Build.0 = Debug|Win32
		{E4C40F94-E7F9-4981-86E4-186B46F993F3}.Debug|Win32.ActiveCfg = Debug|Win32
		{E4C40F94-E7F9-4981-86E4-186B46F993F3}.Debug|Win32.Build.0 = Debug|Win32
		{E4C40F94-E7F9-4981-86E4-186B46F993F3}.Debug|x64.ActiveCfg = Debug|Win32
		{E4C40F94-E7F9-4981-86E4-186B46F993F3}.Driver Debug|Mixed Platforms.ActiveCfg = Debug|Win32
		{E4C40F94-E7F9-4981-86E4-186B46F993F3}.Driver Debug|Mixed Platforms.Build.0 = Debug|Win32
		{E4C40F94-E7F9-4981-86E4-186B46F993F3}.Driver Debug|Win32.ActiveCfg = Debug|Win32
		{E4C40F94-E7F9-4981-86E4-186B46F993F3}.Driver Debug|x64.ActiveCfg = Debug|Win32
		{E4C40F94-E7F9-4981-86E4-186B46F993F3}.Driver x64 Debug|Mixed Platforms.ActiveCfg = Debug|Win32
		{E4C40F94-E7F9-4981-86E4-186B46F993F3}.Driver x64 Debug|Mixed Platforms.Build.0 = Debug|Win32
		{E4C40F94-E7F9-4981-86E4-186B46F993F3}.Driver x64 Debug|Win32.ActiveCfg = Debug|Win32
		{E4C40F94-E7F9-4981-86E4-186B46F993F3}.Driver x64 Debug|x64.ActiveCfg = Debug|Win32
		{E4C40F94-E7F9-4981-86E4-186B46F993F3}.Driver x64|Mixed Platforms.ActiveCfg = Debug|Win32
		{E4C40F94-E7F9-4981-86E4-186B46F993F3}.Driver x64|Mixed Platforms.Build.0 = Debug|Win32
		{E4C40F94-E7F9-4981-86E4-186B46F993F3}.Driver x64|Win32.ActiveCfg = Release|Win32
		{E4C40F94-E7F9-4981-86E4-186B46F993F3}.Driver x64|x64.ActiveCfg = Debug|Win32
		{E4C40F94-E7F9-4981-86E4-186B46F993F3}.Driver x86 Debug|Mixed Platforms.ActiveCfg = Debug|Win32
		{E4C40F94-E7F9-4981-86E4-186B46F993F3}.Driver x86 Debug|Mixed Platforms.Build.0 = Debug|Win32
		{E4C40F94-E7F9-4981-86E4-186B46F993F3}.Driver x86 Debug|Win32.ActiveCfg = Debug|Win32
		{E4C40F94-E7F9-4981-86E4-186B46F993F3}.Driver x86 Debug|x64.ActiveCfg = Debug|Win32
		{E4C40F94-E7F9-4981-86E4-186B46F993F3}.Driver x86|Mixed Platforms.ActiveCfg = Debug|Win32
		{E4C40F94-E7F9-4981-86E4-186B46F993F3}.Driver x86|Mixed Platforms.Build.0 = Debug|Win32
		{E4C40F94-E7F9-4981-86E4-186B46F993F3}.Driver x86|Win32.ActiveCfg = Release|Win32
		{E4C40F94-E7F9-4981-86E4-186B46F993F3}.Driver x86|x64.ActiveCfg = Debug|Win32
		{E4C40F94-E7F9-4981-86E4-186B46F993F3}.Driver|Mixed Platforms.ActiveCfg = Debug|Win32
		{E4C40F94-E7F9-4981-86E4-186B46F993F3}.Driver|Mixed Platforms.Build.0 = Debug|Win32
		{E4C40F94-E7F9-4981-86E4-186B46F993F3}.Driver|Win32.ActiveCfg = Release|Win32
		{E4C40F94-E7F9-4981-86E4-186B46F993F3}.Driver|x64.ActiveCfg = Debug|Win32
		{E4C40F94-E7F9-4981-86E4-186B46F993F3}.Format Debug|Mixed Platforms.ActiveCfg = Debug|Win32
		{E4C40F94-E7F9-4981-86E4-186B46F993F3}.Format Debug|Mixed Platforms.Build.0 = Debug|Win32
		{E4C40F94-E7F9-4981-86E4-186B46F993F3}.Format Debug|Win32.ActiveCfg = Debug|Win32
		{E4C40F94-E7F9-4981-86E4-186B46F993F3}.Format Debug|x64.ActiveCfg = Debug|Win32
		{E4C40F94-E7F9-4981-86E4-186B46F993F3}.Format|Mixed Platforms.ActiveCfg = Release|Win32
		{E4C40F94-E7F9-4981-86E4-186B46F993F3}.Format|Mixed Platforms.Build.0 = Release|Win32
		{E4C40F94-E7F9-4981-86E4-186B46F993F3}.Format|Win32.ActiveCfg = Release|Win32
		{E4C40F94-E7F9-4981-86E4-186B46F993F3}.Format|x64.ActiveCfg = Release|Win32
		{E4C40F94-E7F9-4981-86E4-186B46F993F3}.Mount Debug|Mixed Platforms.ActiveCfg = Debug|Win32
		{E4C40F94-E7F9-4981-86E4-186B46F993F3}.Mount Debug|Mixed Platforms.Build.0 = Debug|Win32
		{E4C40F94-E7F9-4981-86E4-186B46F993F3}.Mount Debug|Win32.ActiveCfg = Debug|Win32
		{E4C40F94-E7F9-4981-86E4-186B46F993F3}.Mount Debug|Win32.Build.0 = Debug|Win32
		{E4C40F94-E7F9-4981-86E4-186B46F993F3}.Mount Debug|x64.ActiveCfg = Debug|Win32
		{E4C40F94-E7F9-4981-86E4-186B46F993F3}.Mount|Mixed Platforms.ActiveCfg = Release|Win32
		{E4C40F94-E7F9-4981-86E4-186B46F993F3}.Mount|Mixed Platforms.Build.0 = Release|Win32
		{E4C40F94-E7F9-4981-86E4-186B46F993F3}.Mount|Win32.ActiveCfg = Release|Win32
		{E4C40F94-E7F9-4981-86E4-186B46F993F3}.Mount|Win32.Build.0 = Release|Win32
		{E4C40F94-E7F9-4981-86E4-186B46F993F3}.Mount|x64.ActiveCfg = Release|Win32
		{E4C40F94-E7F9-4981-86E4-186B46F993F3}.Release|Mixed Platforms.ActiveCfg = Release|Win32
		{E4C40F94-E7F9-4981-86E4-186B46F993F3}.Release|Mixed Platforms.Build.0 = Release|Win32
		{E4C40F94-E7F9-4981-86E4-186B46F993F3}.Release|Win32.ActiveCfg = Release|Win32
		{E4C40F94-E7F9-4981-86E4-186B46F993F3}.Release|Win32.Build.0 = Release|Win32
		{E4C40F94-E7F9-4981-86E4-186B46F993F3}.Release|x64.ActiveCfg = Release|Win32
		{E4C40F94-E7F9-4981-86E4-186B46F993F3}.Setup Debug|Mixed Platforms.ActiveCfg = Debug|Win32
		{E4C40F94-E7F9-4981-86E4-186B46F993F3}.Setup Debug|Mixed Platforms.Build.0 = Debug|Win32
		{E4C40F94-E7F9-4981-86E4-186B46F993F3}.Setup Debug|Win32.ActiveCfg = Debug|Win32
		{E4C40F94-E7F9-4981-86E4-186B46F993F3}.Setup Debug|x64.ActiveCfg = Debug|Win32
		{E4C40F94-E7F9-4981-86E4-186B46F993F3}.Setup|Mixed Platforms.ActiveCfg = Release|Win32
		{E4C40F94-E7F9-4981-86E4-186B46F993F3}.Setup|Mixed Platforms.Build.0 = Release|Win32
		{E4C40F94-E7F9-4981-86E4-186B46F993F3}.Setup|Win32.ActiveCfg = Release|Win32
		{E4C40F94-E7F9-4981-86E4-186B46F993F3}.Setup|x64.ActiveCfg = Release|Win32
		{E4C40F94-E7F9-4981-86E4-186B46F993F3}.Win7 Debug|Mixed Platforms.ActiveCfg = Debug|Win32
		{E4C40F94-E7F9-4981-86E4-186B46F993F3}.Win7 Debug|Mixed Platforms.Build.0 = Debug|Win32
		{E4C40F94-E7F9-4981-86E4-186B46F993F3}.Win7 Debug|Win32.ActiveCfg = Debug|Win32
		{E4C40F94-E7F9-4981-86E4-186B46F993F3}.Win7 Debug|Win32.Build.0 = Debug|Win32
		{E4C40F94-E7F9-4981-86E4-186B46F993F3}.Win7 Debug|x64.ActiveCfg = Debug|Win32
		{E4C40F94-E7F9-4981-86E4-186B46F993F3}.Win7 Release|Mixed Platforms.ActiveCfg = Release|Win32
		{E4C40F94-E7F9-4981-86E4-186B46F993F3}.Win7 Release|Mixed Platforms.Build.0 = Release|Win32
		{E4C40F94-E7F9-4981-86E4-186B46F993F3}.Win7 Release|Win32.ActiveCfg = Release|Win32
		{E4C40F94-E7F9-4981-86E4-186B46F993F3}.Win7 Release|Win32.Build.0 = Release|Win32
		{E4C40F94-E7F9-4981-86E4-186B46F993F3}.Win7 Release|x64.ActiveCfg = Release|Win32
		{E4C40F94-E7F9-4981-86E4-186B46F993F3}.Win8 Debug|Mixed Platforms.ActiveCfg = Debug|Win32
		{E4C40F94-E7F9-4981-86E4-186B46F993F3}.Win8 Debug|Mixed Platforms.Build.0 = Debug|Win32
		{E4C40F94-E7F9-4981-86E4-186B46F993F3}.Win8 Debug|Win32.ActiveCfg = Debug|Win32
		{E4C40F94-E7F9-4981-86E4-186B46F993F3}.Win8 Debug|Win32.Build.0 = Debug|Win32
		{E4C40F94-E7F9-4981-86E4-186B46F993F3}.Win8 Debug|x64.ActiveCfg = Debug|Win32
		{E4C40F94-E7F9-4981-86E4-186B46F993F3}.Win8 Release|Mixed Platforms.ActiveCfg = Release|Win32
		{E4C40F94-E7F9-4981-86E4-186B46F993F3}.Win8 Release|Mixed Platforms.Build.0 = Release|Win32
		{E4C40F94-E7F9-4981-86E4-186B46F993F3}.Win8 Release|Win32.ActiveCfg = Release|Win32
		{E4C40F94-E7F9-4981-86E4-186B46F993F3}.Win8 Release|Win32.Build.0 = Release|Win32
		{E4C40F94-E7F9-4981-86E4-186B46F993F3}.Win8 Release|x64.ActiveCfg = Release|Win32
		{E4C40F94-E7F9-4981-86E4-186B46F993F3}.Win8.1 Debug|Mixed Platforms.ActiveCfg = Debug|Win32
		{E4C40F94-E7F9-4981-86E4-186B46F993F3}.Win8.1 Debug|Mixed Platforms.Build.0 = Debug|Win32
		{E4C40F94-E7F9-4981-86E4-186B46F993F3}.Win8.1 Debug|Win32.ActiveCfg = Debug|Win32
		{E4C40F94-E7F9-4981-86E4-186B46F993F3}.Win8.1 Debug|Win32.Build.0 = Debug|Win32
		{E4C40F94-E7F9-4981-86E4-186B46F993F3}.Win8.1 Debug|x64.ActiveCfg = Debug|Win32
		{E4C40F94-E7F9-4981-86E4-186B46F993F3}.Win8.1 Release|Mixed Platforms.ActiveCfg = Release|Win32
		{E4C40F94-E7F9-4981-86E4-186B46F993F3}.Win8.1 Release|Mixed Platforms.Build.0 = Release|Win32
		{E4C40F94-E7F9-4981-86E4-186B46F993F3}.Win8.1 Release|Win32.ActiveCfg = Release|Win32
		{E4C40F94-E7F9-4981-86E4-186B46F993F3}.Win8.1 Release|Win32.Build.0 = Release|Win32
		{E4C40F94-E7F9-4981-86E4-186B46F993F3}.Win8.1 Release|x64.ActiveCfg = Release|Win32
		{DF5F654D-BD44-4E31-B92E-B68074DC37A8}.All Debug|Mixed Platforms.ActiveCfg = Debug|Win32
		{DF5F654D-BD44-4E31-B92E-B68074DC37A8}.All Debug|Mixed Platforms.Build.0 = Debug|Win32
		{DF5F654D-BD44-4E31-B92E-B68074DC37A8}.All Debug|Win32.ActiveCfg = Debug|Win32
		{DF5F654D-BD44-4E31-B92E-B68074DC37A8}.All Debug|Win32.Build.0 = Debug|Win32
		{DF5F654D-BD44-4E31-B92E-B68074DC37A8}.All Debug|x64.ActiveCfg = Debug|Win32
		{DF5F654D-BD44-4E31-B92E-B68074DC37A8}.All|Mixed Platforms.ActiveCfg = Release|Win32
		{DF5F654D-BD44-4E31-B92E-B68074DC37A8}.All|Mixed Platforms.Build.0 = Release|Win32
		{DF5F654D-BD44-4E31-B92E-B68074DC37A8}.All|Win32.ActiveCfg = Release|Win32
		{DF5F654D-BD44-4E31-B92E-B68074DC37A8}.All|Win32.Build.0 = Release|Win32
		{DF5F654D-BD44-4E31-B92E-B68074DC37A8}.All|x64.ActiveCfg = Release|Win32
		{DF5F654D-BD44-4E31-B92E-B68074DC37A8}.Boot Loader|Mixed Platforms.ActiveCfg = Release|Win32
		{DF5F654D-BD44-4E31-B92E-B68074DC37A8}.Boot Loader|Mixed Platforms.Build.0 = Release|Win32
		{DF5F654D-BD44-4E31-B92E-B68074DC37A8}.Boot Loader|Win32.ActiveCfg = Release|Win32
		{DF5F654D-BD44-4E31-B92E-B68074DC37A8}.Boot Loader|x64.ActiveCfg = Release|Win32
		{DF5F654D-BD44-4E31-B92E-B68074DC37A8}.Boot|Mixed Platforms.ActiveCfg = Release|Win32
		{DF5F654D-BD44-4E31-B92E-B68074DC37A8}.Boot|Mixed Platforms.Build.0 = Release|Win32
		{DF5F654D-BD44-4E31-B92E-B68074DC37A8}.Boot|Win32.ActiveCfg = Release|Win32
		{DF5F654D-BD44-4E31-B92E-B68074DC37A8}.Boot|x64.ActiveCfg = Release|Win32
		{DF5F654D-BD44-4E31-B92E-B68074DC37A8}.Debug|Mixed Platforms.ActiveCfg = Debug|Win32
		{DF5F654D-BD44-4E31-B92E-B68074DC37A8}.Debug|Mixed Platforms.Build.0 = Debug|Win32
		{DF5F654D-BD44-4E31-B92E-B68074DC37A8}.Debug|Win32.ActiveCfg = Debug|Win32
		{DF5F654D-BD44-4E31-B92E-B68074DC37A8}.Debug|Win32.Build.0 = Debug|Win32
		{DF5F654D-BD44-4E31-B92E-B68074DC37A8}.Debug|x64.ActiveCfg = Debug|Win32
		{DF5F654D-BD44-4E31-B92E-B68074DC37A8}.Driver Debug|Mixed Platforms.ActiveCfg = Debug|Win32
		{DF5F654D-BD44-4E31-B92E-B68074DC37A8}.Driver Debug|Mixed Platforms.Build.0 = Debug|Win32
		{DF5F654D-BD44-4E31-B92E-B68074DC37A8}.Driver Debug|Win32.ActiveCfg = Debug|Win32
		{DF5F654D-BD44-4E31-B92E-B68074DC37A8}.Driver Debug|x64.ActiveCfg = Debug|Win32
		{DF5F654D-BD44-4E31-B92E-B68074DC37A8}.Driver x64 Debug|Mixed Platforms.ActiveCfg = Debug|Win32
		{DF5F654D-BD44-4E31-B92E-B68074DC37A8}.Driver x64 Debug|Mixed Platforms.Build.0 = Debug|Win32
		{DF5F654D-BD44-4E31-B92E-B68074DC37A8}.Driver x64 Debug|Win32.ActiveCfg = Debug|Win32
		{DF5F654D-BD44-4E31-B92E-B68074DC37A8}.Driver x64 Debug|x64.ActiveCfg = Debug|Win32
		{DF5F654D-BD44-4E31-B92E-B68074DC37A8}.Driver x64|Mixed Platforms.ActiveCfg = Debug|Win32
		{DF5F654D-BD44-4E31-B92E-B68074DC37A8}.Driver x64|Mixed Platforms.Build.0 = Debug|Win32
		{DF5F654D-BD44-4E31-B92E-B68074DC37A8}.Driver x64|Win32.ActiveCfg = Release|Win32
		{DF5F654D-BD44-4E31-B92E-B68074DC37A8}.Driver x64|x64.ActiveCfg = Debug|Win32
		{DF5F654D-BD44-4E31-B92E-B68074DC37A8}.Driver x86 Debug|Mixed Platforms.ActiveCfg = Debug|Win32
		{DF5F654D-BD44-4E31-B92E-B68074DC37A8}.Driver x86 Debug|Mixed Platforms.Build.0 = Debug|Win32
		{DF5F654D-BD44-4E31-B92E-B68074DC37A8}.Driver x86 Debug|Win32.ActiveCfg = Debug|Win32
		{DF5F654D-BD44-4E31-B92E-B68074DC37A8}.Driver x86 Debug|x64.ActiveCfg = Debug|Win32
		{DF5F654D-BD44-4E31-B92E-B68074DC37A8}.Driver x86|Mixed Platforms.ActiveCfg = Debug|Win32
		{DF5F654D-BD44-4E31-B92E-B68074DC37A8}.Driver x86|Mixed Platforms.Build.0 = Debug|Win32
		{DF5F654D-BD44-4E31-B92E-B68074DC37A8}.Driver x86|Win32.ActiveCfg = Release|Win32
		{DF5F654D-BD44-4E31-B92E-B68074DC37A8}.Driver x86|x64.ActiveCfg = Debug|Win32
		{DF5F654D-BD44-4E31-B92E-B68074DC37A8}.Driver|Mixed Platforms.ActiveCfg = Debug|Win32
		{DF5F654D-BD44-4E31-B92E-B68074DC37A8}.Driver|Mixed Platforms.Build.0 = Debug|Win32
		{DF5F654D-BD44-4E31-B92E-B68074DC37A8}.Driver|Win32.ActiveCfg = Release|Win32
		{DF5F654D-BD44-4E31-B92E-B68074DC37A8}.Driver|x64.ActiveCfg = Debug|Win32
		{DF5F654D-BD44-4E31-B92E-B68074DC37A8}.Format Debug|Mixed Platforms.ActiveCfg = Debug|Win32
		{DF5F654D-BD44-4E31-B92E-B68074DC37A8}.Format Debug|Mixed Platforms.Build.0 = Debug|Win32
		{DF5F654D-BD44-4E31-B92E-B68074DC37A8}.Format Debug|Win32.ActiveCfg = Debug|Win32
		{DF5F654D-BD44-4E31-B92E-B68074DC37A8}.Format Debug|x64.ActiveCfg = Debug|Win32
		{DF5F654D-BD44-4E31-B92E-B68074DC37A8}.Format|Mixed Platforms.ActiveCfg = Release|Win32
		{DF5F654D-BD44-4E31-B92E-B68074DC37A8}.Format|Mixed Platforms.Build.0 = Release|Win32
		{DF5F654D-BD44-4E31-B92E-B68074DC37A8}.Format|Win32.ActiveCfg = Release|Win32
		{DF5F654D-BD44-4E31-B92E-B68074DC37A8}.Format|x64.ActiveCfg = Release|Win32
		{DF5F654D-BD44-4E31-B92E-B68074DC37A8}.Mount Debug|Mixed Platforms.ActiveCfg = Debug|Win32
		{DF5F654D-BD44-4E31-B92E-B68074DC37A8}.Mount Debug|Mixed Platforms.Build.0 = Debug|Win32
		{DF5F654D-BD44-4E31-B92E-B68074DC37A8}.Mount Debug|Win32.ActiveCfg = Debug|Win32
		{DF5F654D-BD44-4E31-B92E-B68074DC37A8}.Mount Debug|x64.ActiveCfg = Debug|Win32
		{DF5F654D-BD44-4E31-B92E-B68074DC37A8}.Mount|Mixed Platforms.ActiveCfg = Release|Win32
		{DF5F654D-BD44-4E31-B92E-B68074DC37A8}.Mount|Mixed Platforms.Build.0 = Release|Win32
		{DF5F654D-BD44-4E31-B92E-B68074DC37A8}.Mount|Win32.ActiveCfg = Release|Win32
		{DF5F654D-BD44-4E31-B92E-B68074DC37A8}.Mount|x64.ActiveCfg = Release|Win32
		{DF5F654D-BD44-4E31-B92E-B68074DC37A8}.Release|Mixed Platforms.ActiveCfg = Release|Win32
		{DF5F654D-BD44-4E31-B92E-B68074DC37A8}.Release|Mixed Platforms.Build.0 = Release|Win32
		{DF5F654D-BD44-4E31-B92E-B68074DC37A8}.Release|Win32.ActiveCfg = Release|Win32
		{DF5F654D-BD44-4E31-B92E-B68074DC37A8}.Release|Win32.Build.0 = Release|Win32
		{DF5F654D-BD44-4E31-B92E-B68074DC37A8}.Release|x64.ActiveCfg = Release|Win32
		{DF5F654D-BD44-4E31-B92E-B68074DC37A8}.Setup Debug|Mixed Platforms.ActiveCfg = Debug|Win32
		{DF5F654D-BD44-4E31-B92E-B68074DC37A8}.Setup Debug|Mixed Platforms.Build.0 = Debug|Win32
		{DF5F654D-BD44-4E31-B92E-B68074DC37A8}.Setup Debug|Win32.ActiveCfg = Debug|Win32
		{DF5F654D-BD44-4E31-B92E-B68074DC37A8}.Setup Debug|Win32.Build.0 = Debug|Win32
		{DF5F654D-BD44-4E31-B92E-B68074DC37A8}.Setup Debug|x64.ActiveCfg = Debug|Win32
		{DF5F654D-BD44-4E31-B92E-B68074DC37A8}.Setup|Mixed Platforms.ActiveCfg = Release|Win32
		{DF5F654D-BD44-4E31-B92E-B68074DC37A8}.Setup|Mixed Platforms.Build.0 = Release|Win32
		{DF5F654D-BD44-4E31-B92E-B68074DC37A8}.Setup|Win32.ActiveCfg = Release|Win32
		{DF5F654D-BD44-4E31-B92E-B68074DC37A8}.Setup|Win32.Build.0 = Release|Win32
		{DF5F654D-BD44-4E31-B92E-B68074DC37A8}.Setup|x64.ActiveCfg = Release|Win32
		{DF5F654D-BD44-4E31-B92E-B68074DC37A8}.Win7 Debug|Mixed Platforms.ActiveCfg = Debug|Win32
		{DF5F654D-BD44-4E31-B92E-B68074DC37A8}.Win7 Debug|Mixed Platforms.Build.0 = Debug|Win32
		{DF5F654D-BD44-4E31-B92E-B68074DC37A8}.Win7 Debug|Win32.ActiveCfg = Debug|Win32
		{DF5F654D-BD44-4E31-B92E-B68074DC37A8}.Win7 Debug|Win32.Build.0 = Debug|Win32
		{DF5F654D-BD44-4E31-B92E-B68074DC37A8}.Win7 Debug|x64.ActiveCfg = Debug|Win32
		{DF5F654D-BD44-4E31-B92E-B68074DC37A8}.Win7 Release|Mixed Platforms.ActiveCfg = Release|Win32
		{DF5F654D-BD44-4E31-B92E-B68074DC37A8}.Win7 Release|Mixed Platforms.Build.0 = Release|Win32
		{DF5F654D-BD44-4E31-B92E-B68074DC37A8}.Win7 Release|Win32.ActiveCfg = Release|Win32
		{DF5F654D-BD44-4E31-B92E-B68074DC37A8}.Win7 Release|Win32.Build.0 = Release|Win32
		{DF5F654D-BD44-4E31-B92E-B68074DC37A8}.Win7 Release|x64.ActiveCfg = Release|Win32
		{DF5F654D-BD44-4E31-B92E-B68074DC37A8}.Win8 Debug|Mixed Platforms.ActiveCfg = Debug|Win32
		{DF5F654D-BD44-4E31-B92E-B68074DC37A8}.Win8 Debug|Mixed Platforms.Build.0 = Debug|Win32
		{DF5F654D-BD44-4E31-B92E-B68074DC37A8}.Win8 Debug|Win32.ActiveCfg = Debug|Win32
		{DF5F654D-BD44-4E31-B92E-B68074DC37A8}.Win8 Debug|Win32.Build.0 = Debug|Win32
		{DF5F654D-BD44-4E31-B92E-B68074DC37A8}.Win8 Debug|x64.ActiveCfg = Debug|Win32
		{DF5F654D-BD44-4E31-B92E-B68074DC37A8}.Win8 Release|Mixed Platforms.ActiveCfg = Release|Win32
		{DF5F654D-BD44-4E31-B92E-B68074DC37A8}.Win8 Release|Mixed Platforms.Build.0 = Release|Win32
		{DF5F654D-BD44-4E31-B92E-B68074DC37A8}.Win8 Release|Win32.ActiveCfg = Release|Win32
		{DF5F654D-BD44-4E31-B92E-B68074DC37A8}.Win8 Release|Win32.Build.0 = Release|Win32
		{DF5F654D-BD44-4E31-B92E-B68074DC37A8}.Win8 Release|x64.ActiveCfg = Release|Win32
		{DF5F654D-BD44-4E31-B92E-B68074DC37A8}.Win8.1 Debug|Mixed Platforms.ActiveCfg = Debug|Win32
		{DF5F654D-BD44-4E31-B92E-B68074DC37A8}.Win8.1 Debug|Mixed Platforms.Build.0 = Debug|Win32
		{DF5F654D-BD44-4E31-B92E-B68074DC37A8}.Win8.1 Debug|Win32.ActiveCfg = Debug|Win32
		{DF5F654D-BD44-4E31-B92E-B68074DC37A8}.Win8.1 Debug|Win32.Build.0 = Debug|Win32
		{DF5F654D-BD44-4E31-B92E-B68074DC37A8}.Win8.1 Debug|x64.ActiveCfg = Debug|Win32
		{DF5F654D-BD44-4E31-B92E-B68074DC37A8}.Win8.1 Release|Mixed Platforms.ActiveCfg = Release|Win32
		{DF5F654D-BD44-4E31-B92E-B68074DC37A8}.Win8.1 Release|Mixed Platforms.Build.0 = Release|Win32
		{DF5F654D-BD44-4E31-B92E-B68074DC37A8}.Win8.1 Release|Win32.ActiveCfg = Release|Win32
		{DF5F654D-BD44-4E31-B92E-B68074DC37A8}.Win8.1 Release|Win32.Build.0 = Release|Win32
		{DF5F654D-BD44-4E31-B92E-B68074DC37A8}.Win8.1 Release|x64.ActiveCfg = Release|Win32
		{8B7F059F-E4C7-4E11-88F5-EE8B8433072E}.All Debug|Mixed Platforms.ActiveCfg = Release Loader|Win32
		{8B7F059F-E4C7-4E11-88F5-EE8B8433072E}.All Debug|Mixed Platforms.Build.0 = Release Loader|Win32
		{8B7F059F-E4C7-4E11-88F5-EE8B8433072E}.All Debug|Win32.ActiveCfg = Release|Win32
		{8B7F059F-E4C7-4E11-88F5-EE8B8433072E}.All Debug|Win32.Build.0 = Release|Win32
		{8B7F059F-E4C7-4E11-88F5-EE8B8433072E}.All Debug|x64.ActiveCfg = Release Loader|Win32
		{8B7F059F-E4C7-4E11-88F5-EE8B8433072E}.All|Mixed Platforms.ActiveCfg = Release Loader|Win32
		{8B7F059F-E4C7-4E11-88F5-EE8B8433072E}.All|Mixed Platforms.Build.0 = Release Loader|Win32
		{8B7F059F-E4C7-4E11-88F5-EE8B8433072E}.All|Win32.ActiveCfg = Release|Win32
		{8B7F059F-E4C7-4E11-88F5-EE8B8433072E}.All|Win32.Build.0 = Release|Win32
		{8B7F059F-E4C7-4E11-88F5-EE8B8433072E}.All|x64.ActiveCfg = Release Loader|Win32
		{8B7F059F-E4C7-4E11-88F5-EE8B8433072E}.Boot Loader|Mixed Platforms.ActiveCfg = Release Loader|Win32
		{8B7F059F-E4C7-4E11-88F5-EE8B8433072E}.Boot Loader|Mixed Platforms.Build.0 = Release Loader|Win32
		{8B7F059F-E4C7-4E11-88F5-EE8B8433072E}.Boot Loader|Win32.ActiveCfg = Release Loader|Win32
		{8B7F059F-E4C7-4E11-88F5-EE8B8433072E}.Boot Loader|Win32.Build.0 = Release Loader|Win32
		{8B7F059F-E4C7-4E11-88F5-EE8B8433072E}.Boot Loader|x64.ActiveCfg = Release Loader|Win32
		{8B7F059F-E4C7-4E11-88F5-EE8B8433072E}.Boot|Mixed Platforms.ActiveCfg = Release Loader|Win32
		{8B7F059F-E4C7-4E11-88F5-EE8B8433072E}.Boot|Mixed Platforms.Build.0 = Release Loader|Win32
		{8B7F059F-E4C7-4E11-88F5-EE8B8433072E}.Boot|Win32.ActiveCfg = Release|Win32
		{8B7F059F-E4C7-4E11-88F5-EE8B8433072E}.Boot|Win32.Build.0 = Release|Win32
		{8B7F059F-E4C7-4E11-88F5-EE8B8433072E}.Boot|x64.ActiveCfg = Release Loader|Win32
		{8B7F059F-E4C7-4E11-88F5-EE8B8433072E}.Debug|Mixed Platforms.ActiveCfg = Release Loader|Win32
		{8B7F059F-E4C7-4E11-88F5-EE8B8433072E}.Debug|Mixed Platforms.Build.0 = Release Loader|Win32
		{8B7F059F-E4C7-4E11-88F5-EE8B8433072E}.Debug|Win32.ActiveCfg = Release Loader|Win32
		{8B7F059F-E4C7-4E11-88F5-EE8B8433072E}.Debug|Win32.Build.0 = Release Loader|Win32
		{8B7F059F-E4C7-4E11-88F5-EE8B8433072E}.Debug|x64.ActiveCfg = Release Loader|Win32
		{8B7F059F-E4C7-4E11-88F5-EE8B8433072E}.Driver Debug|Mixed Platforms.ActiveCfg = Release Loader|Win32
		{8B7F059F-E4C7-4E11-88F5-EE8B8433072E}.Driver Debug|Mixed Platforms.Build.0 = Release Loader|Win32
		{8B7F059F-E4C7-4E11-88F5-EE8B8433072E}.Driver Debug|Win32.ActiveCfg = Release|Win32
		{8B7F059F-E4C7-4E11-88F5-EE8B8433072E}.Driver Debug|x64.ActiveCfg = Release Loader|Win32
		{8B7F059F-E4C7-4E11-88F5-EE8B8433072E}.Driver x64 Debug|Mixed Platforms.ActiveCfg = Release Loader|Win32
		{8B7F059F-E4C7-4E11-88F5-EE8B8433072E}.Driver x64 Debug|Mixed Platforms.Build.0 = Release Loader|Win32
		{8B7F059F-E4C7-4E11-88F5-EE8B8433072E}.Driver x64 Debug|Win32.ActiveCfg = Release|Win32
		{8B7F059F-E4C7-4E11-88F5-EE8B8433072E}.Driver x64 Debug|x64.ActiveCfg = Release Loader|Win32
		{8B7F059F-E4C7-4E11-88F5-EE8B8433072E}.Driver x64|Mixed Platforms.ActiveCfg = Release Loader|Win32
		{8B7F059F-E4C7-4E11-88F5-EE8B8433072E}.Driver x64|Mixed Platforms.Build.0 = Release Loader|Win32
		{8B7F059F-E4C7-4E11-88F5-EE8B8433072E}.Driver x64|Win32.ActiveCfg = Release|Win32
		{8B7F059F-E4C7-4E11-88F5-EE8B8433072E}.Driver x64|x64.ActiveCfg = Release Loader|Win32
		{8B7F059F-E4C7-4E11-88F5-EE8B8433072E}.Driver x86 Debug|Mixed Platforms.ActiveCfg = Release Loader|Win32
		{8B7F059F-E4C7-4E11-88F5-EE8B8433072E}.Driver x86 Debug|Mixed Platforms.Build.0 = Release Loader|Win32
		{8B7F059F-E4C7-4E11-88F5-EE8B8433072E}.Driver x86 Debug|Win32.ActiveCfg = Release|Win32
		{8B7F059F-E4C7-4E11-88F5-EE8B8433072E}.Driver x86 Debug|x64.ActiveCfg = Release Loader|Win32
		{8B7F059F-E4C7-4E11-88F5-EE8B8433072E}.Driver x86|Mixed Platforms.ActiveCfg = Release Loader|Win32
		{8B7F059F-E4C7-4E11-88F5-EE8B8433072E}.Driver x86|Mixed Platforms.Build.0 = Release Loader|Win32
		{8B7F059F-E4C7-4E11-88F5-EE8B8433072E}.Driver x86|Win32.ActiveCfg = Release|Win32
		{8B7F059F-E4C7-4E11-88F5-EE8B8433072E}.Driver x86|x64.ActiveCfg = Release Loader|Win32
		{8B7F059F-E4C7-4E11-88F5-EE8B8433072E}.Driver|Mixed Platforms.ActiveCfg = Release Loader|Win32
		{8B7F059F-E4C7-4E11-88F5-EE8B8433072E}.Driver|Mixed Platforms.Build.0 = Release Loader|Win32
		{8B7F059F-E4C7-4E11-88F5-EE8B8433072E}.Driver|Win32.ActiveCfg = Release|Win32
		{8B7F059F-E4C7-4E11-88F5-EE8B8433072E}.Driver|x64.ActiveCfg = Release Loader|Win32
		{8B7F059F-E4C7-4E11-88F5-EE8B8433072E}.Format Debug|Mixed Platforms.ActiveCfg = Release Loader|Win32
		{8B7F059F-E4C7-4E11-88F5-EE8B8433072E}.Format Debug|Mixed Platforms.Build.0 = Release Loader|Win32
		{8B7F059F-E4C7-4E11-88F5-EE8B8433072E}.Format Debug|Win32.ActiveCfg = Release|Win32
		{8B7F059F-E4C7-4E11-88F5-EE8B8433072E}.Format Debug|x64.ActiveCfg = Release Loader|Win32
		{8B7F059F-E4C7-4E11-88F5-EE8B8433072E}.Format|Mixed Platforms.ActiveCfg = Release Loader|Win32
		{8B7F059F-E4C7-4E11-88F5-EE8B8433072E}.Format|Mixed Platforms.Build.0 = Release Loader|Win32
		{8B7F059F-E4C7-4E11-88F5-EE8B8433072E}.Format|Win32.ActiveCfg = Release|Win32
		{8B7F059F-E4C7-4E11-88F5-EE8B8433072E}.Format|x64.ActiveCfg = Release Loader|Win32
		{8B7F059F-E4C7-4E11-88F5-EE8B8433072E}.Mount Debug|Mixed Platforms.ActiveCfg = Release Loader|Win32
		{8B7F059F-E4C7-4E11-88F5-EE8B8433072E}.Mount Debug|Mixed Platforms.Build.0 = Release Loader|Win32
		{8B7F059F-E4C7-4E11-88F5-EE8B8433072E}.Mount Debug|Win32.ActiveCfg = Release|Win32
		{8B7F059F-E4C7-4E11-88F5-EE8B8433072E}.Mount Debug|x64.ActiveCfg = Release Loader|Win32
		{8B7F059F-E4C7-4E11-88F5-EE8B8433072E}.Mount|Mixed Platforms.ActiveCfg = Release Loader|Win32
		{8B7F059F-E4C7-4E11-88F5-EE8B8433072E}.Mount|Mixed Platforms.Build.0 = Release Loader|Win32
		{8B7F059F-E4C7-4E11-88F5-EE8B8433072E}.Mount|Win32.ActiveCfg = Release|Win32
		{8B7F059F-E4C7-4E11-88F5-EE8B8433072E}.Mount|x64.ActiveCfg = Release Loader|Win32
		{8B7F059F-E4C7-4E11-88F5-EE8B8433072E}.Release|Mixed Platforms.ActiveCfg = Release|Win32
		{8B7F059F-E4C7-4E11-88F5-EE8B8433072E}.Release|Mixed Platforms.Build.0 = Release|Win32
		{8B7F059F-E4C7-4E11-88F5-EE8B8433072E}.Release|Win32.ActiveCfg = Release|Win32
		{8B7F059F-E4C7-4E11-88F5-EE8B8433072E}.Release|Win32.Build.0 = Release|Win32
		{8B7F059F-E4C7-4E11-88F5-EE8B8433072E}.Release|x64.ActiveCfg = Release|Win32
		{8B7F059F-E4C7-4E11-88F5-EE8B8433072E}.Setup Debug|Mixed Platforms.ActiveCfg = Release Loader|Win32
		{8B7F059F-E4C7-4E11-88F5-EE8B8433072E}.Setup Debug|Mixed Platforms.Build.0 = Release Loader|Win32
		{8B7F059F-E4C7-4E11-88F5-EE8B8433072E}.Setup Debug|Win32.ActiveCfg = Release|Win32
		{8B7F059F-E4C7-4E11-88F5-EE8B8433072E}.Setup Debug|x64.ActiveCfg = Release Loader|Win32
		{8B7F059F-E4C7-4E11-88F5-EE8B8433072E}.Setup|Mixed Platforms.ActiveCfg = Release Loader|Win32
		{8B7F059F-E4C7-4E11-88F5-EE8B8433072E}.Setup|Mixed Platforms.Build.0 = Release Loader|Win32
		{8B7F059F-E4C7-4E11-88F5-EE8B8433072E}.Setup|Win32.ActiveCfg = Release|Win32
		{8B7F059F-E4C7-4E11-88F5-EE8B8433072E}.Setup|x64.ActiveCfg = Release Loader|Win32
		{8B7F059F-E4C7-4E11-88F5-EE8B8433072E}.Win7 Debug|Mixed Platforms.ActiveCfg = Release Loader|Win32
		{8B7F059F-E4C7-4E11-88F5-EE8B8433072E}.Win7 Debug|Mixed Platforms.Build.0 = Release Loader|Win32
		{8B7F059F-E4C7-4E11-88F5-EE8B8433072E}.Win7 Debug|Win32.ActiveCfg = Release Loader|Win32
		{8B7F059F-E4C7-4E11-88F5-EE8B8433072E}.Win7 Debug|Win32.Build.0 = Release Loader|Win32
		{8B7F059F-E4C7-4E11-88F5-EE8B8433072E}.Win7 Debug|x64.ActiveCfg = Release Loader|Win32
		{8B7F059F-E4C7-4E11-88F5-EE8B8433072E}.Win7 Release|Mixed Platforms.ActiveCfg = Release|Win32
		{8B7F059F-E4C7-4E11-88F5-EE8B8433072E}.Win7 Release|Mixed Platforms.Build.0 = Release|Win32
		{8B7F059F-E4C7-4E11-88F5-EE8B8433072E}.Win7 Release|Win32.ActiveCfg = Release|Win32
		{8B7F059F-E4C7-4E11-88F5-EE8B8433072E}.Win7 Release|Win32.Build.0 = Release|Win32
		{8B7F059F-E4C7-4E11-88F5-EE8B8433072E}.Win7 Release|x64.ActiveCfg = Release|Win32
		{8B7F059F-E4C7-4E11-88F5-EE8B8433072E}.Win8 Debug|Mixed Platforms.ActiveCfg = Release Loader|Win32
		{8B7F059F-E4C7-4E11-88F5-EE8B8433072E}.Win8 Debug|Mixed Platforms.Build.0 = Release Loader|Win32
		{8B7F059F-E4C7-4E11-88F5-EE8B8433072E}.Win8 Debug|Win32.ActiveCfg = Release Loader|Win32
		{8B7F059F-E4C7-4E11-88F5-EE8B8433072E}.Win8 Debug|Win32.Build.0 = Release Loader|Win32
		{8B7F059F-E4C7-4E11-88F5-EE8B8433072E}.Win8 Debug|x64.ActiveCfg = Release Loader|Win32
		{8B7F059F-E4C7-4E11-88F5-EE8B8433072E}.Win8 Release|Mixed Platforms.ActiveCfg = Release|Win32
		{8B7F059F-E4C7-4E11-88F5-EE8B8433072E}.Win8 Release|Mixed Platforms.Build.0 = Release|Win32
		{8B7F059F-E4C7-4E11-88F5-EE8B8433072E}.Win8 Release|Win32.ActiveCfg = Release|Win32
		{8B7F059F-E4C7-4E11-88F5-EE8B8433072E}.Win8 Release|Win32.Build.0 = Release|Win32
		{8B7F059F-E4C7-4E11-88F5-EE8B8433072E}.Win8 Release|x64.ActiveCfg = Release|Win32
		{8B7F059F-E4C7-4E11-88F5-EE8B8433072E}.Win8.1 Debug|Mixed Platforms.ActiveCfg = Release Loader|Win32
		{8B7F059F-E4C7-4E11-88F5-EE8B8433072E}.Win8.1 Debug|Mixed Platforms.Build.0 = Release Loader|Win32
		{8B7F059F-E4C7-4E11-88F5-EE8B8433072E}.Win8.1 Debug|Win32.ActiveCfg = Release Loader|Win32
		{8B7F059F-E4C7-4E11-88F5-EE8B8433072E}.Win8.1 Debug|Win32.Build.0 = Release Loader|Win32
		{8B7F059F-E4C7-4E11-88F5-EE8B8433072E}.Win8.1 Debug|x64.ActiveCfg = Release Loader|Win32
		{8B7F059F-E4C7-4E11-88F5-EE8B8433072E}.Win8.1 Release|Mixed Platforms.ActiveCfg = Release|Win32
		{8B7F059F-E4C7-4E11-88F5-EE8B8433072E}.Win8.1 Release|Mixed Platforms.Build.0 = Release|Win32
		{8B7F059F-E4C7-4E11-88F5-EE8B8433072E}.Win8.1 Release|Win32.ActiveCfg = Release|Win32
		{8B7F059F-E4C7-4E11-88F5-EE8B8433072E}.Win8.1 Release|Win32.Build.0 = Release|Win32
		{8B7F059F-E4C7-4E11-88F5-EE8B8433072E}.Win8.1 Release|x64.ActiveCfg = Release|Win32
		{4AF37FBD-5F28-425A-9B8A-CFBF3BF07678}.All Debug|Mixed Platforms.ActiveCfg = Debug|Win32
		{4AF37FBD-5F28-425A-9B8A-CFBF3BF07678}.All Debug|Mixed Platforms.Build.0 = Debug|Win32
		{4AF37FBD-5F28-425A-9B8A-CFBF3BF07678}.All Debug|Win32.ActiveCfg = Debug|Win32
		{4AF37FBD-5F28-425A-9B8A-CFBF3BF07678}.All Debug|Win32.Build.0 = Debug|Win32
		{4AF37FBD-5F28-425A-9B8A-CFBF3BF07678}.All Debug|x64.ActiveCfg = Debug|Win32
		{4AF37FBD-5F28-425A-9B8A-CFBF3BF07678}.All|Mixed Platforms.ActiveCfg = Release|Win32
		{4AF37FBD-5F28-425A-9B8A-CFBF3BF07678}.All|Mixed Platforms.Build.0 = Release|Win32
		{4AF37FBD-5F28-425A-9B8A-CFBF3BF07678}.All|Win32.ActiveCfg = Release|Win32
		{4AF37FBD-5F28-425A-9B8A-CFBF3BF07678}.All|Win32.Build.0 = Release|Win32
		{4AF37FBD-5F28-425A-9B8A-CFBF3BF07678}.All|x64.ActiveCfg = Release|Win32
		{4AF37FBD-5F28-425A-9B8A-CFBF3BF07678}.Boot Loader|Mixed Platforms.ActiveCfg = Release|Win32
		{4AF37FBD-5F28-425A-9B8A-CFBF3BF07678}.Boot Loader|Mixed Platforms.Build.0 = Release|Win32
		{4AF37FBD-5F28-425A-9B8A-CFBF3BF07678}.Boot Loader|Win32.ActiveCfg = Release|Win32
		{4AF37FBD-5F28-425A-9B8A-CFBF3BF07678}.Boot Loader|Win32.Build.0 = Release|Win32
		{4AF37FBD-5F28-425A-9B8A-CFBF3BF07678}.Boot Loader|x64.ActiveCfg = Release|Win32
		{4AF37FBD-5F28-425A-9B8A-CFBF3BF07678}.Boot|Mixed Platforms.ActiveCfg = Release|Win32
		{4AF37FBD-5F28-425A-9B8A-CFBF3BF07678}.Boot|Mixed Platforms.Build.0 = Release|Win32
		{4AF37FBD-5F28-425A-9B8A-CFBF3BF07678}.Boot|Win32.ActiveCfg = Release|Win32
		{4AF37FBD-5F28-425A-9B8A-CFBF3BF07678}.Boot|Win32.Build.0 = Release|Win32
		{4AF37FBD-5F28-425A-9B8A-CFBF3BF07678}.Boot|x64.ActiveCfg = Release|Win32
		{4AF37FBD-5F28-425A-9B8A-CFBF3BF07678}.Debug|Mixed Platforms.ActiveCfg = Debug|Win32
		{4AF37FBD-5F28-425A-9B8A-CFBF3BF07678}.Debug|Mixed Platforms.Build.0 = Debug|Win32
		{4AF37FBD-5F28-425A-9B8A-CFBF3BF07678}.Debug|Win32.ActiveCfg = Debug|Win32
		{4AF37FBD-5F28-425A-9B8A-CFBF3BF07678}.Debug|Win32.Build.0 = Debug|Win32
		{4AF37FBD-5F28-425A-9B8A-CFBF3BF07678}.Debug|x64.ActiveCfg = Debug|Win32
		{4AF37FBD-5F28-425A-9B8A-CFBF3BF07678}.Driver Debug|Mixed Platforms.ActiveCfg = Debug|Win32
		{4AF37FBD-5F28-425A-9B8A-CFBF3BF07678}.Driver Debug|Mixed Platforms.Build.0 = Debug|Win32
		{4AF37FBD-5F28-425A-9B8A-CFBF3BF07678}.Driver Debug|Win32.ActiveCfg = Debug|Win32
		{4AF37FBD-5F28-425A-9B8A-CFBF3BF07678}.Driver Debug|Win32.Build.0 = Debug|Win32
		{4AF37FBD-5F28-425A-9B8A-CFBF3BF07678}.Driver Debug|x64.ActiveCfg = Debug|Win32
		{4AF37FBD-5F28-425A-9B8A-CFBF3BF07678}.Driver x64 Debug|Mixed Platforms.ActiveCfg = Debug|Win32
		{4AF37FBD-5F28-425A-9B8A-CFBF3BF07678}.Driver x64 Debug|Mixed Platforms.Build.0 = Debug|Win32
		{4AF37FBD-5F28-425A-9B8A-CFBF3BF07678}.Driver x64 Debug|Win32.ActiveCfg = Debug|Win32
		{4AF37FBD-5F28-425A-9B8A-CFBF3BF07678}.Driver x64 Debug|Win32.Build.0 = Debug|Win32
		{4AF37FBD-5F28-425A-9B8A-CFBF3BF07678}.Driver x64 Debug|x64.ActiveCfg = Debug|Win32
		{4AF37FBD-5F28-425A-9B8A-CFBF3BF07678}.Driver x64|Mixed Platforms.ActiveCfg = Debug|Win32
		{4AF37FBD-5F28-425A-9B8A-CFBF3BF07678}.Driver x64|Mixed Platforms.Build.0 = Debug|Win32
		{4AF37FBD-5F28-425A-9B8A-CFBF3BF07678}.Driver x64|Win32.ActiveCfg = Debug|Win32
		{4AF37FBD-5F28-425A-9B8A-CFBF3BF07678}.Driver x64|Win32.Build.0 = Debug|Win32
		{4AF37FBD-5F28-425A-9B8A-CFBF3BF07678}.Driver x64|x64.ActiveCfg = Debug|Win32
		{4AF37FBD-5F28-425A-9B8A-CFBF3BF07678}.Driver x86 Debug|Mixed Platforms.ActiveCfg = Debug|Win32
		{4AF37FBD-5F28-425A-9B8A-CFBF3BF07678}.Driver x86 Debug|Mixed Platforms.Build.0 = Debug|Win32
		{4AF37FBD-5F28-425A-9B8A-CFBF3BF07678}.Driver x86 Debug|Win32.ActiveCfg = Debug|Win32
		{4AF37FBD-5F28-425A-9B8A-CFBF3BF07678}.Driver x86 Debug|Win32.Build.0 = Debug|Win32
		{4AF37FBD-5F28-425A-9B8A-CFBF3BF07678}.Driver x86 Debug|x64.ActiveCfg = Debug|Win32
		{4AF37FBD-5F28-425A-9B8A-CFBF3BF07678}.Driver x86|Mixed Platforms.ActiveCfg = Debug|Win32
		{4AF37FBD-5F28-425A-9B8A-CFBF3BF07678}.Driver x86|Mixed Platforms.Build.0 = Debug|Win32
		{4AF37FBD-5F28-425A-9B8A-CFBF3BF07678}.Driver x86|Win32.ActiveCfg = Debug|Win32
		{4AF37FBD-5F28-425A-9B8A-CFBF3BF07678}.Driver x86|Win32.Build.0 = Debug|Win32
		{4AF37FBD-5F28-425A-9B8A-CFBF3BF07678}.Driver x86|x64.ActiveCfg = Debug|Win32
		{4AF37FBD-5F28-425A-9B8A-CFBF3BF07678}.Driver|Mixed Platforms.ActiveCfg = Debug|Win32
		{4AF37FBD-5F28-425A-9B8A-CFBF3BF07678}.Driver|Mixed Platforms.Build.0 = Debug|Win32
		{4AF37FBD-5F28-425A-9B8A-CFBF3BF07678}.Driver|Win32.ActiveCfg = Debug|Win32
		{4AF37FBD-5F28-425A-9B8A-CFBF3BF07678}.Driver|Win32.Build.0 = Debug|Win32
		{4AF37FBD-5F28-425A-9B8A-CFBF3BF07678}.Driver|x64.ActiveCfg = Debug|Win32
		{4AF37FBD-5F28-425A-9B8A-CFBF3BF07678}.Format Debug|Mixed Platforms.ActiveCfg = Debug|Win32
		{4AF37FBD-5F28-425A-9B8A-CFBF3BF07678}.Format Debug|Mixed Platforms.Build.0 = Debug|Win32
		{4AF37FBD-5F28-425A-9B8A-CFBF3BF07678}.Format Debug|Win32.ActiveCfg = Debug|Win32
		{4AF37FBD-5F28-425A-9B8A-CFBF3BF07678}.Format Debug|Win32.Build.0 = Debug|Win32
		{4AF37FBD-5F28-425A-9B8A-CFBF3BF07678}.Format Debug|x64.ActiveCfg = Debug|Win32
		{4AF37FBD-5F28-425A-9B8A-CFBF3BF07678}.Format|Mixed Platforms.ActiveCfg = Release|Win32
		{4AF37FBD-5F28-425A-9B8A-CFBF3BF07678}.Format|Mixed Platforms.Build.0 = Release|Win32
		{4AF37FBD-5F28-425A-9B8A-CFBF3BF07678}.Format|Win32.ActiveCfg = Release|Win32
		{4AF37FBD-5F28-425A-9B8A-CFBF3BF07678}.Format|Win32.Build.0 = Release|Win32
		{4AF37FBD-5F28-425A-9B8A-CFBF3BF07678}.Format|x64.ActiveCfg = Release|Win32
		{4AF37FBD-5F28-425A-9B8A-CFBF3BF07678}.Mount Debug|Mixed Platforms.ActiveCfg = Debug|Win32
		{4AF37FBD-5F28-425A-9B8A-CFBF3BF07678}.Mount Debug|Mixed Platforms.Build.0 = Debug|Win32
		{4AF37FBD-5F28-425A-9B8A-CFBF3BF07678}.Mount Debug|Win32.ActiveCfg = Debug|Win32
		{4AF37FBD-5F28-425A-9B8A-CFBF3BF07678}.Mount Debug|Win32.Build.0 = Debug|Win32
		{4AF37FBD-5F28-425A-9B8A-CFBF3BF07678}.Mount Debug|x64.ActiveCfg = Debug|Win32
		{4AF37FBD-5F28-425A-9B8A-CFBF3BF07678}.Mount|Mixed Platforms.ActiveCfg = Release|Win32
		{4AF37FBD-5F28-425A-9B8A-CFBF3BF07678}.Mount|Mixed Platforms.Build.0 = Release|Win32
		{4AF37FBD-5F28-425A-9B8A-CFBF3BF07678}.Mount|Win32.ActiveCfg = Release|Win32
		{4AF37FBD-5F28-425A-9B8A-CFBF3BF07678}.Mount|Win32.Build.0 = Release|Win32
		{4AF37FBD-5F28-425A-9B8A-CFBF3BF07678}.Mount|x64.ActiveCfg = Release|Win32
		{4AF37FBD-5F28-425A-9B8A-CFBF3BF07678}.Release|Mixed Platforms.ActiveCfg = Release|Win32
		{4AF37FBD-5F28-425A-9B8A-CFBF3BF07678}.Release|Mixed Platforms.Build.0 = Release|Win32
		{4AF37FBD-5F28-425A-9B8A-CFBF3BF07678}.Release|Win32.ActiveCfg = Release|Win32
		{4AF37FBD-5F28-425A-9B8A-CFBF3BF07678}.Release|Win32.Build.0 = Release|Win32
		{4AF37FBD-5F28-425A-9B8A-CFBF3BF07678}.Release|x64.ActiveCfg = Release|Win32
		{4AF37FBD-5F28-425A-9B8A-CFBF3BF07678}.Setup Debug|Mixed Platforms.ActiveCfg = Debug|Win32
		{4AF37FBD-5F28-425A-9B8A-CFBF3BF07678}.Setup Debug|Mixed Platforms.Build.0 = Debug|Win32
		{4AF37FBD-5F28-425A-9B8A-CFBF3BF07678}.Setup Debug|Win32.ActiveCfg = Debug|Win32
		{4AF37FBD-5F28-425A-9B8A-CFBF3BF07678}.Setup Debug|Win32.Build.0 = Debug|Win32
		{4AF37FBD-5F28-425A-9B8A-CFBF3BF07678}.Setup Debug|x64.ActiveCfg = Debug|Win32
		{4AF37FBD-5F28-425A-9B8A-CFBF3BF07678}.Setup|Mixed Platforms.ActiveCfg = Release|Win32
		{4AF37FBD-5F28-425A-9B8A-CFBF3BF07678}.Setup|Mixed Platforms.Build.0 = Release|Win32
		{4AF37FBD-5F28-425A-9B8A-CFBF3BF07678}.Setup|Win32.ActiveCfg = Release|Win32
		{4AF37FBD-5F28-425A-9B8A-CFBF3BF07678}.Setup|Win32.Build.0 = Release|Win32
		{4AF37FBD-5F28-425A-9B8A-CFBF3BF07678}.Setup|x64.ActiveCfg = Release|Win32
		{4AF37FBD-5F28-425A-9B8A-CFBF3BF07678}.Win7 Debug|Mixed Platforms.ActiveCfg = Debug|Win32
		{4AF37FBD-5F28-425A-9B8A-CFBF3BF07678}.Win7 Debug|Mixed Platforms.Build.0 = Debug|Win32
		{4AF37FBD-5F28-425A-9B8A-CFBF3BF07678}.Win7 Debug|Win32.ActiveCfg = Debug|Win32
		{4AF37FBD-5F28-425A-9B8A-CFBF3BF07678}.Win7 Debug|Win32.Build.0 = Debug|Win32
		{4AF37FBD-5F28-425A-9B8A-CFBF3BF07678}.Win7 Debug|x64.ActiveCfg = Debug|Win32
		{4AF37FBD-5F28-425A-9B8A-CFBF3BF07678}.Win7 Release|Mixed Platforms.ActiveCfg = Release|Win32
		{4AF37FBD-5F28-425A-9B8A-CFBF3BF07678}.Win7 Release|Mixed Platforms.Build.0 = Release|Win32
		{4AF37FBD-5F28-425A-9B8A-CFBF3BF07678}.Win7 Release|Win32.ActiveCfg = Release|Win32
		{4AF37FBD-5F28-425A-9B8A-CFBF3BF07678}.Win7 Release|Win32.Build.0 = Release|Win32
		{4AF37FBD-5F28-425A-9B8A-CFBF3BF07678}.Win7 Release|x64.ActiveCfg = Release|Win32
		{4AF37FBD-5F28-425A-9B8A-CFBF3BF07678}.Win8 Debug|Mixed Platforms.ActiveCfg = Debug|Win32
		{4AF37FBD-5F28-425A-9B8A-CFBF3BF07678}.Win8 Debug|Mixed Platforms.Build.0 = Debug|Win32
		{4AF37FBD-5F28-425A-9B8A-CFBF3BF07678}.Win8 Debug|Win32.ActiveCfg = Debug|Win32
		{4AF37FBD-5F28-425A-9B8A-CFBF3BF07678}.Win8 Debug|Win32.Build.0 = Debug|Win32
		{4AF37FBD-5F28-425A-9B8A-CFBF3BF07678}.Win8 Debug|x64.ActiveCfg = Debug|Win32
		{4AF37FBD-5F28-425A-9B8A-CFBF3BF07678}.Win8 Release|Mixed Platforms.ActiveCfg = Release|Win32
		{4AF37FBD-5F28-425A-9B8A-CFBF3BF07678}.Win8 Release|Mixed Platforms.Build.0 = Release|Win32
		{4AF37FBD-5F28-425A-9B8A-CFBF3BF07678}.Win8 Release|Win32.ActiveCfg = Release|Win32
		{4AF37FBD-5F28-425A-9B8A-CFBF3BF07678}.Win8 Release|Win32.Build.0 = Release|Win32
		{4AF37FBD-5F28-425A-9B8A-CFBF3BF07678}.Win8 Release|x64.ActiveCfg = Release|Win32
		{4AF37FBD-5F28-425A-9B8A-CFBF3BF07678}.Win8.1 Debug|Mixed Platforms.ActiveCfg = Debug|Win32
		{4AF37FBD-5F28-425A-9B8A-CFBF3BF07678}.Win8.1 Debug|Mixed Platforms.Build.0 = Debug|Win32
		{4AF37FBD-5F28-425A-9B8A-CFBF3BF07678}.Win8.1 Debug|Win32.ActiveCfg = Debug|Win32
		{4AF37FBD-5F28-425A-9B8A-CFBF3BF07678}.Win8.1 Debug|Win32.Build.0 = Debug|Win32
		{4AF37FBD-5F28-425A-9B8A-CFBF3BF07678}.Win8.1 Debug|x64.ActiveCfg = Debug|Win32
		{4AF37FBD-5F28-425A-9B8A-CFBF3BF07678}.Win8.1 Release|Mixed Platforms.ActiveCfg = Release|Win32
		{4AF37FBD-5F28-425A-9B8A-CFBF3BF07678}.Win8.1 Release|Mixed Platforms.Build.0 = Release|Win32
		{4AF37FBD-5F28-425A-9B8A-CFBF3BF07678}.Win8.1 Release|Win32.ActiveCfg = Release|Win32
		{4AF37FBD-5F28-425A-9B8A-CFBF3BF07678}.Win8.1 Release|Win32.Build.0 = Release|Win32
		{4AF37FBD-5F28-425A-9B8A-CFBF3BF07678}.Win8.1 Release|x64.ActiveCfg = Release|Win32
		{1A65BE2E-D62A-4CB5-A2B0-F8685610133C}.All Debug|Mixed Platforms.ActiveCfg = Win8 Release|Win32
		{1A65BE2E-D62A-4CB5-A2B0-F8685610133C}.All Debug|Mixed Platforms.Build.0 = Win8 Release|Win32
		{1A65BE2E-D62A-4CB5-A2B0-F8685610133C}.All Debug|Win32.ActiveCfg = Win8.1 Release|Win32
		{1A65BE2E-D62A-4CB5-A2B0-F8685610133C}.All Debug|Win32.Build.0 = Win8.1 Release|Win32
		{1A65BE2E-D62A-4CB5-A2B0-F8685610133C}.All Debug|x64.ActiveCfg = Win8.1 Release|x64
		{1A65BE2E-D62A-4CB5-A2B0-F8685610133C}.All Debug|x64.Build.0 = Win8.1 Release|x64
		{1A65BE2E-D62A-4CB5-A2B0-F8685610133C}.All Debug|x64.Deploy.0 = Win8.1 Release|x64
		{1A65BE2E-D62A-4CB5-A2B0-F8685610133C}.All|Mixed Platforms.ActiveCfg = Win8 Release|Win32
		{1A65BE2E-D62A-4CB5-A2B0-F8685610133C}.All|Mixed Platforms.Build.0 = Win8 Release|Win32
		{1A65BE2E-D62A-4CB5-A2B0-F8685610133C}.All|Win32.ActiveCfg = Win8.1 Release|Win32
		{1A65BE2E-D62A-4CB5-A2B0-F8685610133C}.All|Win32.Build.0 = Win8.1 Release|Win32
		{1A65BE2E-D62A-4CB5-A2B0-F8685610133C}.All|x64.ActiveCfg = Win8.1 Release|x64
		{1A65BE2E-D62A-4CB5-A2B0-F8685610133C}.All|x64.Build.0 = Win8.1 Release|x64
		{1A65BE2E-D62A-4CB5-A2B0-F8685610133C}.All|x64.Deploy.0 = Win8.1 Release|x64
		{1A65BE2E-D62A-4CB5-A2B0-F8685610133C}.Boot Loader|Mixed Platforms.ActiveCfg = Win8 Release|Win32
		{1A65BE2E-D62A-4CB5-A2B0-F8685610133C}.Boot Loader|Mixed Platforms.Build.0 = Win8 Release|Win32
		{1A65BE2E-D62A-4CB5-A2B0-F8685610133C}.Boot Loader|Win32.ActiveCfg = Win8.1 Release|Win32
		{1A65BE2E-D62A-4CB5-A2B0-F8685610133C}.Boot Loader|Win32.Build.0 = Win8.1 Release|Win32
		{1A65BE2E-D62A-4CB5-A2B0-F8685610133C}.Boot Loader|x64.ActiveCfg = Win8.1 Release|x64
		{1A65BE2E-D62A-4CB5-A2B0-F8685610133C}.Boot Loader|x64.Build.0 = Win8.1 Release|x64
		{1A65BE2E-D62A-4CB5-A2B0-F8685610133C}.Boot Loader|x64.Deploy.0 = Win8.1 Release|x64
		{1A65BE2E-D62A-4CB5-A2B0-F8685610133C}.Boot|Mixed Platforms.ActiveCfg = Win8 Release|Win32
		{1A65BE2E-D62A-4CB5-A2B0-F8685610133C}.Boot|Mixed Platforms.Build.0 = Win8 Release|Win32
		{1A65BE2E-D62A-4CB5-A2B0-F8685610133C}.Boot|Win32.ActiveCfg = Win8.1 Release|Win32
		{1A65BE2E-D62A-4CB5-A2B0-F8685610133C}.Boot|Win32.Build.0 = Win8.1 Release|Win32
		{1A65BE2E-D62A-4CB5-A2B0-F8685610133C}.Boot|x64.ActiveCfg = Win8.1 Release|x64
		{1A65BE2E-D62A-4CB5-A2B0-F8685610133C}.Boot|x64.Build.0 = Win8.1 Release|x64
		{1A65BE2E-D62A-4CB5-A2B0-F8685610133C}.Boot|x64.Deploy.0 = Win8.1 Release|x64
		{1A65BE2E-D62A-4CB5-A2B0-F8685610133C}.Debug|Mixed Platforms.ActiveCfg = Win8 Debug|Win32
		{1A65BE2E-D62A-4CB5-A2B0-F8685610133C}.Debug|Mixed Platforms.Build.0 = Win8 Debug|Win32
		{1A65BE2E-D62A-4CB5-A2B0-F8685610133C}.Debug|Win32.ActiveCfg = Win8.1 Debug|Win32
		{1A65BE2E-D62A-4CB5-A2B0-F8685610133C}.Debug|Win32.Build.0 = Win8.1 Debug|Win32
		{1A65BE2E-D62A-4CB5-A2B0-F8685610133C}.Debug|x64.ActiveCfg = Win8.1 Debug|x64
		{1A65BE2E-D62A-4CB5-A2B0-F8685610133C}.Debug|x64.Build.0 = Win8.1 Debug|x64
		{1A65BE2E-D62A-4CB5-A2B0-F8685610133C}.Debug|x64.Deploy.0 = Win8.1 Debug|x64
		{1A65BE2E-D62A-4CB5-A2B0-F8685610133C}.Driver Debug|Mixed Platforms.ActiveCfg = Win8 Release|Win32
		{1A65BE2E-D62A-4CB5-A2B0-F8685610133C}.Driver Debug|Mixed Platforms.Build.0 = Win8 Release|Win32
		{1A65BE2E-D62A-4CB5-A2B0-F8685610133C}.Driver Debug|Win32.ActiveCfg = Win8.1 Release|Win32
		{1A65BE2E-D62A-4CB5-A2B0-F8685610133C}.Driver Debug|Win32.Build.0 = Win8.1 Release|Win32
		{1A65BE2E-D62A-4CB5-A2B0-F8685610133C}.Driver Debug|x64.ActiveCfg = Win8.1 Release|x64
		{1A65BE2E-D62A-4CB5-A2B0-F8685610133C}.Driver Debug|x64.Build.0 = Win8.1 Release|x64
		{1A65BE2E-D62A-4CB5-A2B0-F8685610133C}.Driver Debug|x64.Deploy.0 = Win8.1 Release|x64
		{1A65BE2E-D62A-4CB5-A2B0-F8685610133C}.Driver x64 Debug|Mixed Platforms.ActiveCfg = Win8 Release|Win32
		{1A65BE2E-D62A-4CB5-A2B0-F8685610133C}.Driver x64 Debug|Mixed Platforms.Build.0 = Win8 Release|Win32
		{1A65BE2E-D62A-4CB5-A2B0-F8685610133C}.Driver x64 Debug|Win32.ActiveCfg = Win8.1 Release|Win32
		{1A65BE2E-D62A-4CB5-A2B0-F8685610133C}.Driver x64 Debug|Win32.Build.0 = Win8.1 Release|Win32
		{1A65BE2E-D62A-4CB5-A2B0-F8685610133C}.Driver x64 Debug|x64.ActiveCfg = Win8.1 Release|x64
		{1A65BE2E-D62A-4CB5-A2B0-F8685610133C}.Driver x64 Debug|x64.Build.0 = Win8.1 Release|x64
		{1A65BE2E-D62A-4CB5-A2B0-F8685610133C}.Driver x64 Debug|x64.Deploy.0 = Win8.1 Release|x64
		{1A65BE2E-D62A-4CB5-A2B0-F8685610133C}.Driver x64|Mixed Platforms.ActiveCfg = Win8 Release|Win32
		{1A65BE2E-D62A-4CB5-A2B0-F8685610133C}.Driver x64|Mixed Platforms.Build.0 = Win8 Release|Win32
		{1A65BE2E-D62A-4CB5-A2B0-F8685610133C}.Driver x64|Win32.ActiveCfg = Win8.1 Release|Win32
		{1A65BE2E-D62A-4CB5-A2B0-F8685610133C}.Driver x64|Win32.Build.0 = Win8.1 Release|Win32
		{1A65BE2E-D62A-4CB5-A2B0-F8685610133C}.Driver x64|x64.ActiveCfg = Win8.1 Release|x64
		{1A65BE2E-D62A-4CB5-A2B0-F8685610133C}.Driver x64|x64.Build.0 = Win8.1 Release|x64
		{1A65BE2E-D62A-4CB5-A2B0-F8685610133C}.Driver x64|x64.Deploy.0 = Win8.1 Release|x64
		{1A65BE2E-D62A-4CB5-A2B0-F8685610133C}.Driver x86 Debug|Mixed Platforms.ActiveCfg = Win8 Release|Win32
		{1A65BE2E-D62A-4CB5-A2B0-F8685610133C}.Driver x86 Debug|Mixed Platforms.Build.0 = Win8 Release|Win32
		{1A65BE2E-D62A-4CB5-A2B0-F8685610133C}.Driver x86 Debug|Win32.ActiveCfg = Win8.1 Release|Win32
		{1A65BE2E-D62A-4CB5-A2B0-F8685610133C}.Driver x86 Debug|Win32.Build.0 = Win8.1 Release|Win32
		{1A65BE2E-D62A-4CB5-A2B0-F8685610133C}.Driver x86 Debug|x64.ActiveCfg = Win8.1 Release|x64
		{1A65BE2E-D62A-4CB5-A2B0-F8685610133C}.Driver x86 Debug|x64.Build.0 = Win8.1 Release|x64
		{1A65BE2E-D62A-4CB5-A2B0-F8685610133C}.Driver x86 Debug|x64.Deploy.0 = Win8.1 Release|x64
		{1A65BE2E-D62A-4CB5-A2B0-F8685610133C}.Driver x86|Mixed Platforms.ActiveCfg = Win8 Release|Win32
		{1A65BE2E-D62A-4CB5-A2B0-F8685610133C}.Driver x86|Mixed Platforms.Build.0 = Win8 Release|Win32
		{1A65BE2E-D62A-4CB5-A2B0-F8685610133C}.Driver x86|Win32.ActiveCfg = Win8.1 Release|Win32
		{1A65BE2E-D62A-4CB5-A2B0-F8685610133C}.Driver x86|Win32.Build.0 = Win8.1 Release|Win32
		{1A65BE2E-D62A-4CB5-A2B0-F8685610133C}.Driver x86|x64.ActiveCfg = Win8.1 Release|x64
		{1A65BE2E-D62A-4CB5-A2B0-F8685610133C}.Driver x86|x64.Build.0 = Win8.1 Release|x64
		{1A65BE2E-D62A-4CB5-A2B0-F8685610133C}.Driver x86|x64.Deploy.0 = Win8.1 Release|x64
		{1A65BE2E-D62A-4CB5-A2B0-F8685610133C}.Driver|Mixed Platforms.ActiveCfg = Win8 Release|Win32
		{1A65BE2E-D62A-4CB5-A2B0-F8685610133C}.Driver|Mixed Platforms.Build.0 = Win8 Release|Win32
		{1A65BE2E-D62A-4CB5-A2B0-F8685610133C}.Driver|Win32.ActiveCfg = Win8.1 Release|Win32
		{1A65BE2E-D62A-4CB5-A2B0-F8685610133C}.Driver|Win32.Build.0 = Win8.1 Release|Win32
		{1A65BE2E-D62A-4CB5-A2B0-F8685610133C}.Driver|x64.ActiveCfg = Win8.1 Release|x64
		{1A65BE2E-D62A-4CB5-A2B0-F8685610133C}.Driver|x64.Build.0 = Win8.1 Release|x64
		{1A65BE2E-D62A-4CB5-A2B0-F8685610133C}.Driver|x64.Deploy.0 = Win8.1 Release|x64
		{1A65BE2E-D62A-4CB5-A2B0-F8685610133C}.Format Debug|Mixed Platforms.ActiveCfg = Win8 Release|Win32
		{1A65BE2E-D62A-4CB5-A2B0-F8685610133C}.Format Debug|Mixed Platforms.Build.0 = Win8 Release|Win32
		{1A65BE2E-D62A-4CB5-A2B0-F8685610133C}.Format Debug|Win32.ActiveCfg = Win8.1 Release|Win32
		{1A65BE2E-D62A-4CB5-A2B0-F8685610133C}.Format Debug|Win32.Build.0 = Win8.1 Release|Win32
		{1A65BE2E-D62A-4CB5-A2B0-F8685610133C}.Format Debug|x64.ActiveCfg = Win8.1 Release|x64
		{1A65BE2E-D62A-4CB5-A2B0-F8685610133C}.Format Debug|x64.Build.0 = Win8.1 Release|x64
		{1A65BE2E-D62A-4CB5-A2B0-F8685610133C}.Format Debug|x64.Deploy.0 = Win8.1 Release|x64
		{1A65BE2E-D62A-4CB5-A2B0-F8685610133C}.Format|Mixed Platforms.ActiveCfg = Win8 Release|Win32
		{1A65BE2E-D62A-4CB5-A2B0-F8685610133C}.Format|Mixed Platforms.Build.0 = Win8 Release|Win32
		{1A65BE2E-D62A-4CB5-A2B0-F8685610133C}.Format|Win32.ActiveCfg = Win8.1 Release|Win32
		{1A65BE2E-D62A-4CB5-A2B0-F8685610133C}.Format|Win32.Build.0 = Win8.1 Release|Win32
		{1A65BE2E-D62A-4CB5-A2B0-F8685610133C}.Format|x64.ActiveCfg = Win8.1 Release|x64
		{1A65BE2E-D62A-4CB5-A2B0-F8685610133C}.Format|x64.Build.0 = Win8.1 Release|x64
		{1A65BE2E-D62A-4CB5-A2B0-F8685610133C}.Format|x64.Deploy.0 = Win8.1 Release|x64
		{1A65BE2E-D62A-4CB5-A2B0-F8685610133C}.Mount Debug|Mixed Platforms.ActiveCfg = Win8 Release|Win32
		{1A65BE2E-D62A-4CB5-A2B0-F8685610133C}.Mount Debug|Mixed Platforms.Build.0 = Win8 Release|Win32
		{1A65BE2E-D62A-4CB5-A2B0-F8685610133C}.Mount Debug|Win32.ActiveCfg = Win8.1 Release|Win32
		{1A65BE2E-D62A-4CB5-A2B0-F8685610133C}.Mount Debug|Win32.Build.0 = Win8.1 Release|Win32
		{1A65BE2E-D62A-4CB5-A2B0-F8685610133C}.Mount Debug|x64.ActiveCfg = Win8.1 Release|x64
		{1A65BE2E-D62A-4CB5-A2B0-F8685610133C}.Mount Debug|x64.Build.0 = Win8.1 Release|x64
		{1A65BE2E-D62A-4CB5-A2B0-F8685610133C}.Mount Debug|x64.Deploy.0 = Win8.1 Release|x64
		{1A65BE2E-D62A-4CB5-A2B0-F8685610133C}.Mount|Mixed Platforms.ActiveCfg = Win8 Release|Win32
		{1A65BE2E-D62A-4CB5-A2B0-F8685610133C}.Mount|Mixed Platforms.Build.0 = Win8 Release|Win32
		{1A65BE2E-D62A-4CB5-A2B0-F8685610133C}.Mount|Win32.ActiveCfg = Win8.1 Release|Win32
		{1A65BE2E-D62A-4CB5-A2B0-F8685610133C}.Mount|Win32.Build.0 = Win8.1 Release|Win32
		{1A65BE2E-D62A-4CB5-A2B0-F8685610133C}.Mount|x64.ActiveCfg = Win8.1 Release|x64
		{1A65BE2E-D62A-4CB5-A2B0-F8685610133C}.Mount|x64.Build.0 = Win8.1 Release|x64
		{1A65BE2E-D62A-4CB5-A2B0-F8685610133C}.Mount|x64.Deploy.0 = Win8.1 Release|x64
		{1A65BE2E-D62A-4CB5-A2B0-F8685610133C}.Release|Mixed Platforms.ActiveCfg = Win8 Release|Win32
		{1A65BE2E-D62A-4CB5-A2B0-F8685610133C}.Release|Mixed Platforms.Build.0 = Win8 Release|Win32
		{1A65BE2E-D62A-4CB5-A2B0-F8685610133C}.Release|Win32.ActiveCfg = Win8.1 Release|Win32
		{1A65BE2E-D62A-4CB5-A2B0-F8685610133C}.Release|Win32.Build.0 = Win8.1 Release|Win32
		{1A65BE2E-D62A-4CB5-A2B0-F8685610133C}.Release|x64.ActiveCfg = Win8.1 Release|x64
		{1A65BE2E-D62A-4CB5-A2B0-F8685610133C}.Release|x64.Build.0 = Win8.1 Release|x64
		{1A65BE2E-D62A-4CB5-A2B0-F8685610133C}.Release|x64.Deploy.0 = Win8.1 Release|x64
		{1A65BE2E-D62A-4CB5-A2B0-F8685610133C}.Setup Debug|Mixed Platforms.ActiveCfg = Win8 Release|Win32
		{1A65BE2E-D62A-4CB5-A2B0-F8685610133C}.Setup Debug|Mixed Platforms.Build.0 = Win8 Release|Win32
		{1A65BE2E-D62A-4CB5-A2B0-F8685610133C}.Setup Debug|Win32.ActiveCfg = Win8.1 Release|Win32
		{1A65BE2E-D62A-4CB5-A2B0-F8685610133C}.Setup Debug|Win32.Build.0 = Win8.1 Release|Win32
		{1A65BE2E-D62A-4CB5-A2B0-F8685610133C}.Setup Debug|x64.ActiveCfg = Win8.1 Release|x64
		{1A65BE2E-D62A-4CB5-A2B0-F8685610133C}.Setup Debug|x64.Build.0 = Win8.1 Release|x64
		{1A65BE2E-D62A-4CB5-A2B0-F8685610133C}.Setup Debug|x64.Deploy.0 = Win8.1 Release|x64
		{1A65BE2E-D62A-4CB5-A2B0-F8685610133C}.Setup|Mixed Platforms.ActiveCfg = Win8 Release|Win32
		{1A65BE2E-D62A-4CB5-A2B0-F8685610133C}.Setup|Mixed Platforms.Build.0 = Win8 Release|Win32
		{1A65BE2E-D62A-4CB5-A2B0-F8685610133C}.Setup|Win32.ActiveCfg = Win8.1 Release|Win32
		{1A65BE2E-D62A-4CB5-A2B0-F8685610133C}.Setup|Win32.Build.0 = Win8.1 Release|Win32
		{1A65BE2E-D62A-4CB5-A2B0-F8685610133C}.Setup|x64.ActiveCfg = Win8.1 Release|x64
		{1A65BE2E-D62A-4CB5-A2B0-F8685610133C}.Setup|x64.Build.0 = Win8.1 Release|x64
		{1A65BE2E-D62A-4CB5-A2B0-F8685610133C}.Setup|x64.Deploy.0 = Win8.1 Release|x64
		{1A65BE2E-D62A-4CB5-A2B0-F8685610133C}.Win7 Debug|Mixed Platforms.ActiveCfg = Win7 Debug|Win32
		{1A65BE2E-D62A-4CB5-A2B0-F8685610133C}.Win7 Debug|Mixed Platforms.Build.0 = Win7 Debug|Win32
		{1A65BE2E-D62A-4CB5-A2B0-F8685610133C}.Win7 Debug|Win32.ActiveCfg = Win7 Debug|Win32
		{1A65BE2E-D62A-4CB5-A2B0-F8685610133C}.Win7 Debug|Win32.Build.0 = Win7 Debug|Win32
		{1A65BE2E-D62A-4CB5-A2B0-F8685610133C}.Win7 Debug|x64.ActiveCfg = Win7 Debug|x64
		{1A65BE2E-D62A-4CB5-A2B0-F8685610133C}.Win7 Debug|x64.Build.0 = Win7 Debug|x64
		{1A65BE2E-D62A-4CB5-A2B0-F8685610133C}.Win7 Debug|x64.Deploy.0 = Win7 Debug|x64
		{1A65BE2E-D62A-4CB5-A2B0-F8685610133C}.Win7 Release|Mixed Platforms.ActiveCfg = Win7 Release|Win32
		{1A65BE2E-D62A-4CB5-A2B0-F8685610133C}.Win7 Release|Mixed Platforms.Build.0 = Win7 Release|Win32
		{1A65BE2E-D62A-4CB5-A2B0-F8685610133C}.Win7 Release|Win32.ActiveCfg = Win7 Release|Win32
		{1A65BE2E-D62A-4CB5-A2B0-F8685610133C}.Win7 Release|Win32.Build.0 = Win7 Release|Win32
		{1A65BE2E-D62A-4CB5-A2B0-F8685610133C}.Win7 Release|x64.ActiveCfg = Win7 Release|x64
		{1A65BE2E-D62A-4CB5-A2B0-F8685610133C}.Win7 Release|x64.Build.0 = Win7 Release|x64
		{1A65BE2E-D62A-4CB5-A2B0-F8685610133C}.Win7 Release|x64.Deploy.0 = Win7 Release|x64
		{1A65BE2E-D62A-4CB5-A2B0-F8685610133C}.Win8 Debug|Mixed Platforms.ActiveCfg = Win8 Debug|Win32
		{1A65BE2E-D62A-4CB5-A2B0-F8685610133C}.Win8 Debug|Mixed Platforms.Build.0 = Win8 Debug|Win32
		{1A65BE2E-D62A-4CB5-A2B0-F8685610133C}.Win8 Debug|Win32.ActiveCfg = Win8 Debug|Win32
		{1A65BE2E-D62A-4CB5-A2B0-F8685610133C}.Win8 Debug|Win32.Build.0 = Win8 Debug|Win32
		{1A65BE2E-D62A-4CB5-A2B0-F8685610133C}.Win8 Debug|x64.ActiveCfg = Win8 Debug|x64
		{1A65BE2E-D62A-4CB5-A2B0-F8685610133C}.Win8 Debug|x64.Build.0 = Win8 Debug|x64
		{1A65BE2E-D62A-4CB5-A2B0-F8685610133C}.Win8 Debug|x64.Deploy.0 = Win8 Debug|x64
		{1A65BE2E-D62A-4CB5-A2B0-F8685610133C}.Win8 Release|Mixed Platforms.ActiveCfg = Win8 Release|Win32
		{1A65BE2E-D62A-4CB5-A2B0-F8685610133C}.Win8 Release|Mixed Platforms.Build.0 = Win8 Release|Win32
		{1A65BE2E-D62A-4CB5-A2B0-F8685610133C}.Win8 Release|Win32.ActiveCfg = Win8 Release|Win32
		{1A65BE2E-D62A-4CB5-A2B0-F8685610133C}.Win8 Release|Win32.Build.0 = Win8 Release|Win32
		{1A65BE2E-D62A-4CB5-A2B0-F8685610133C}.Win8 Release|x64.ActiveCfg = Win8 Release|x64
		{1A65BE2E-D62A-4CB5-A2B0-F8685610133C}.Win8 Release|x64.Build.0 = Win8 Release|x64
		{1A65BE2E-D62A-4CB5-A2B0-F8685610133C}.Win8 Release|x64.Deploy.0 = Win8 Release|x64
		{1A65BE2E-D62A-4CB5-A2B0-F8685610133C}.Win8.1 Debug|Mixed Platforms.ActiveCfg = Win8.1 Debug|Win32
		{1A65BE2E-D62A-4CB5-A2B0-F8685610133C}.Win8.1 Debug|Mixed Platforms.Build.0 = Win8.1 Debug|Win32
		{1A65BE2E-D62A-4CB5-A2B0-F8685610133C}.Win8.1 Debug|Win32.ActiveCfg = Win8.1 Debug|Win32
		{1A65BE2E-D62A-4CB5-A2B0-F8685610133C}.Win8.1 Debug|Win32.Build.0 = Win8.1 Debug|Win32
		{1A65BE2E-D62A-4CB5-A2B0-F8685610133C}.Win8.1 Debug|x64.ActiveCfg = Win8.1 Debug|x64
		{1A65BE2E-D62A-4CB5-A2B0-F8685610133C}.Win8.1 Debug|x64.Build.0 = Win8.1 Debug|x64
		{1A65BE2E-D62A-4CB5-A2B0-F8685610133C}.Win8.1 Debug|x64.Deploy.0 = Win8.1 Debug|x64
		{1A65BE2E-D62A-4CB5-A2B0-F8685610133C}.Win8.1 Release|Mixed Platforms.ActiveCfg = Win8.1 Release|Win32
		{1A65BE2E-D62A-4CB5-A2B0-F8685610133C}.Win8.1 Release|Mixed Platforms.Build.0 = Win8.1 Release|Win32
		{1A65BE2E-D62A-4CB5-A2B0-F8685610133C}.Win8.1 Release|Win32.ActiveCfg = Win8.1 Release|Win32
		{1A65BE2E-D62A-4CB5-A2B0-F8685610133C}.Win8.1 Release|Win32.Build.0 = Win8.1 Release|Win32
		{1A65BE2E-D62A-4CB5-A2B0-F8685610133C}.Win8.1 Release|x64.ActiveCfg = Win8.1 Release|x64
		{1A65BE2E-D62A-4CB5-A2B0-F8685610133C}.Win8.1 Release|x64.Build.0 = Win8.1 Release|x64
		{1A65BE2E-D62A-4CB5-A2B0-F8685610133C}.Win8.1 Release|x64.Deploy.0 = Win8.1 Release|x64
		{F568B705-46A8-491A-83F1-02AC79DD9A23}.All Debug|Mixed Platforms.ActiveCfg = Debug|Win32
		{F568B705-46A8-491A-83F1-02AC79DD9A23}.All Debug|Mixed Platforms.Build.0 = Debug|Win32
		{F568B705-46A8-491A-83F1-02AC79DD9A23}.All Debug|Win32.ActiveCfg = Debug|Win32
		{F568B705-46A8-491A-83F1-02AC79DD9A23}.All Debug|Win32.Build.0 = Debug|Win32
		{F568B705-46A8-491A-83F1-02AC79DD9A23}.All Debug|x64.ActiveCfg = Debug|Win32
		{F568B705-46A8-491A-83F1-02AC79DD9A23}.All|Mixed Platforms.ActiveCfg = Release|Win32
		{F568B705-46A8-491A-83F1-02AC79DD9A23}.All|Mixed Platforms.Build.0 = Release|Win32
		{F568B705-46A8-491A-83F1-02AC79DD9A23}.All|Win32.ActiveCfg = Release|Win32
		{F568B705-46A8-491A-83F1-02AC79DD9A23}.All|Win32.Build.0 = Release|Win32
		{F568B705-46A8-491A-83F1-02AC79DD9A23}.All|x64.ActiveCfg = Release|Win32
		{F568B705-46A8-491A-83F1-02AC79DD9A23}.Boot Loader|Mixed Platforms.ActiveCfg = Release|Win32
		{F568B705-46A8-491A-83F1-02AC79DD9A23}.Boot Loader|Mixed Platforms.Build.0 = Release|Win32
		{F568B705-46A8-491A-83F1-02AC79DD9A23}.Boot Loader|Win32.ActiveCfg = Release|Win32
		{F568B705-46A8-491A-83F1-02AC79DD9A23}.Boot Loader|Win32.Build.0 = Release|Win32
		{F568B705-46A8-491A-83F1-02AC79DD9A23}.Boot Loader|x64.ActiveCfg = Release|Win32
		{F568B705-46A8-491A-83F1-02AC79DD9A23}.Boot|Mixed Platforms.ActiveCfg = Release|Win32
		{F568B705-46A8-491A-83F1-02AC79DD9A23}.Boot|Mixed Platforms.Build.0 = Release|Win32
		{F568B705-46A8-491A-83F1-02AC79DD9A23}.Boot|Win32.ActiveCfg = Release|Win32
		{F568B705-46A8-491A-83F1-02AC79DD9A23}.Boot|Win32.Build.0 = Release|Win32
		{F568B705-46A8-491A-83F1-02AC79DD9A23}.Boot|x64.ActiveCfg = Release|Win32
		{F568B705-46A8-491A-83F1-02AC79DD9A23}.Debug|Mixed Platforms.ActiveCfg = Debug|Win32
		{F568B705-46A8-491A-83F1-02AC79DD9A23}.Debug|Mixed Platforms.Build.0 = Debug|Win32
		{F568B705-46A8-491A-83F1-02AC79DD9A23}.Debug|Win32.ActiveCfg = Debug|Win32
		{F568B705-46A8-491A-83F1-02AC79DD9A23}.Debug|Win32.Build.0 = Debug|Win32
		{F568B705-46A8-491A-83F1-02AC79DD9A23}.Debug|x64.ActiveCfg = Debug|Win32
		{F568B705-46A8-491A-83F1-02AC79DD9A23}.Driver Debug|Mixed Platforms.ActiveCfg = Debug|Win32
		{F568B705-46A8-491A-83F1-02AC79DD9A23}.Driver Debug|Mixed Platforms.Build.0 = Debug|Win32
		{F568B705-46A8-491A-83F1-02AC79DD9A23}.Driver Debug|Win32.ActiveCfg = Debug|Win32
		{F568B705-46A8-491A-83F1-02AC79DD9A23}.Driver Debug|Win32.Build.0 = Debug|Win32
		{F568B705-46A8-491A-83F1-02AC79DD9A23}.Driver Debug|x64.ActiveCfg = Debug|Win32
		{F568B705-46A8-491A-83F1-02AC79DD9A23}.Driver x64 Debug|Mixed Platforms.ActiveCfg = Debug|Win32
		{F568B705-46A8-491A-83F1-02AC79DD9A23}.Driver x64 Debug|Mixed Platforms.Build.0 = Debug|Win32
		{F568B705-46A8-491A-83F1-02AC79DD9A23}.Driver x64 Debug|Win32.ActiveCfg = Debug|Win32
		{F568B705-46A8-491A-83F1-02AC79DD9A23}.Driver x64 Debug|Win32.Build.0 = Debug|Win32
		{F568B705-46A8-491A-83F1-02AC79DD9A23}.Driver x64 Debug|x64.ActiveCfg = Debug|Win32
		{F568B705-46A8-491A-83F1-02AC79DD9A23}.Driver x64|Mixed Platforms.ActiveCfg = Debug|Win32
		{F568B705-46A8-491A-83F1-02AC79DD9A23}.Driver x64|Mixed Platforms.Build.0 = Debug|Win32
		{F568B705-46A8-491A-83F1-02AC79DD9A23}.Driver x64|Win32.ActiveCfg = Debug|Win32
		{F568B705-46A8-491A-83F1-02AC79DD9A23}.Driver x64|Win32.Build.0 = Debug|Win32
		{F568B705-46A8-491A-83F1-02AC79DD9A23}.Driver x64|x64.ActiveCfg = Debug|Win32
		{F568B705-46A8-491A-83F1-02AC79DD9A23}.Driver x86 Debug|Mixed Platforms.ActiveCfg = Debug|Win32
		{F568B705-46A8-491A-83F1-02AC79DD9A23}.Driver x86 Debug|Mixed Platforms.Build.0 = Debug|Win32
		{F568B705-46A8-491A-83F1-02AC79DD9A23}.Driver x86 Debug|Win32.ActiveCfg = Debug|Win32
		{F568B705-46A8-491A-83F1-02AC79DD9A23}.Driver x86 Debug|Win32.Build.0 = Debug|Win32
		{F568B705-46A8-491A-83F1-02AC79DD9A23}.Driver x86 Debug|x64.ActiveCfg = Debug|Win32
		{F568B705-46A8-491A-83F1-02AC79DD9A23}.Driver x86|Mixed Platforms.ActiveCfg = Debug|Win32
		{F568B705-46A8-491A-83F1-02AC79DD9A23}.Driver x86|Mixed Platforms.Build.0 = Debug|Win32
		{F568B705-46A8-491A-83F1-02AC79DD9A23}.Driver x86|Win32.ActiveCfg = Debug|Win32
		{F568B705-46A8-491A-83F1-02AC79DD9A23}.Driver x86|Win32.Build.0 = Debug|Win32
		{F568B705-46A8-491A-83F1-02AC79DD9A23}.Driver x86|x64.ActiveCfg = Debug|Win32
		{F568B705-46A8-491A-83F1-02AC79DD9A23}.Driver|Mixed Platforms.ActiveCfg = Debug|Win32
		{F568B705-46A8-491A-83F1-02AC79DD9A23}.Driver|Mixed Platforms.Build.0 = Debug|Win32
		{F568B705-46A8-491A-83F1-02AC79DD9A23}.Driver|Win32.ActiveCfg = Debug|Win32
		{F568B705-46A8-491A-83F1-02AC79DD9A23}.Driver|Win32.Build.0 = Debug|Win32
		{F568B705-46A8-491A-83F1-02AC79DD9A23}.Driver|x64.ActiveCfg = Debug|Win32
		{F568B705-46A8-491A-83F1-02AC79DD9A23}.Format Debug|Mixed Platforms.ActiveCfg = Debug|Win32
		{F568B705-46A8-491A-83F1-02AC79DD9A23}.Format Debug|Mixed Platforms.Build.0 = Debug|Win32
		{F568B705-46A8-491A-83F1-02AC79DD9A23}.Format Debug|Win32.ActiveCfg = Debug|Win32
		{F568B705-46A8-491A-83F1-02AC79DD9A23}.Format Debug|Win32.Build.0 = Debug|Win32
		{F568B705-46A8-491A-83F1-02AC79DD9A23}.Format Debug|x64.ActiveCfg = Debug|Win32
		{F568B705-46A8-491A-83F1-02AC79DD9A23}.Format|Mixed Platforms.ActiveCfg = Release|Win32
		{F568B705-46A8-491A-83F1-02AC79DD9A23}.Format|Mixed Platforms.Build.0 = Release|Win32
		{F568B705-46A8-491A-83F1-02AC79DD9A23}.Format|Win32.ActiveCfg = Release|Win32
		{F568B705-46A8-491A-83F1-02AC79DD9A23}.Format|Win32.Build.0 = Release|Win32
		{F568B705-46A8-491A-83F1-02AC79DD9A23}.Format|x64.ActiveCfg = Release|Win32
		{F568B705-46A8-491A-83F1-02AC79DD9A23}.Mount Debug|Mixed Platforms.ActiveCfg = Debug|Win32
		{F568B705-46A8-491A-83F1-02AC79DD9A23}.Mount Debug|Mixed Platforms.Build.0 = Debug|Win32
		{F568B705-46A8-491A-83F1-02AC79DD9A23}.Mount Debug|Win32.ActiveCfg = Debug|Win32
		{F568B705-46A8-491A-83F1-02AC79DD9A23}.Mount Debug|Win32.Build.0 = Debug|Win32
		{F568B705-46A8-491A-83F1-02AC79DD9A23}.Mount Debug|x64.ActiveCfg = Debug|Win32
		{F568B705-46A8-491A-83F1-02AC79DD9A23}.Mount|Mixed Platforms.ActiveCfg = Release|Win32
		{F568B705-46A8-491A-83F1-02AC79DD9A23}.Mount|Mixed Platforms.Build.0 = Release|Win32
		{F568B705-46A8-491A-83F1-02AC79DD9A23}.Mount|Win32.ActiveCfg = Release|Win32
		{F568B705-46A8-491A-83F1-02AC79DD9A23}.Mount|Win32.Build.0 = Release|Win32
		{F568B705-46A8-491A-83F1-02AC79DD9A23}.Mount|x64.ActiveCfg = Release|Win32
		{F568B705-46A8-491A-83F1-02AC79DD9A23}.Release|Mixed Platforms.ActiveCfg = Release|Win32
		{F568B705-46A8-491A-83F1-02AC79DD9A23}.Release|Mixed Platforms.Build.0 = Release|Win32
		{F568B705-46A8-491A-83F1-02AC79DD9A23}.Release|Win32.ActiveCfg = Release|Win32
		{F568B705-46A8-491A-83F1-02AC79DD9A23}.Release|Win32.Build.0 = Release|Win32
		{F568B705-46A8-491A-83F1-02AC79DD9A23}.Release|x64.ActiveCfg = Release|Win32
		{F568B705-46A8-491A-83F1-02AC79DD9A23}.Setup Debug|Mixed Platforms.ActiveCfg = Debug|Win32
		{F568B705-46A8-491A-83F1-02AC79DD9A23}.Setup Debug|Mixed Platforms.Build.0 = Debug|Win32
		{F568B705-46A8-491A-83F1-02AC79DD9A23}.Setup Debug|Win32.ActiveCfg = Debug|Win32
		{F568B705-46A8-491A-83F1-02AC79DD9A23}.Setup Debug|Win32.Build.0 = Debug|Win32
		{F568B705-46A8-491A-83F1-02AC79DD9A23}.Setup Debug|x64.ActiveCfg = Debug|Win32
		{F568B705-46A8-491A-83F1-02AC79DD9A23}.Setup|Mixed Platforms.ActiveCfg = Release|Win32
		{F568B705-46A8-491A-83F1-02AC79DD9A23}.Setup|Mixed Platforms.Build.0 = Release|Win32
		{F568B705-46A8-491A-83F1-02AC79DD9A23}.Setup|Win32.ActiveCfg = Release|Win32
		{F568B705-46A8-491A-83F1-02AC79DD9A23}.Setup|Win32.Build.0 = Release|Win32
		{F568B705-46A8-491A-83F1-02AC79DD9A23}.Setup|x64.ActiveCfg = Release|Win32
		{F568B705-46A8-491A-83F1-02AC79DD9A23}.Win7 Debug|Mixed Platforms.ActiveCfg = Debug|Win32
		{F568B705-46A8-491A-83F1-02AC79DD9A23}.Win7 Debug|Mixed Platforms.Build.0 = Debug|Win32
		{F568B705-46A8-491A-83F1-02AC79DD9A23}.Win7 Debug|Win32.ActiveCfg = Debug|Win32
		{F568B705-46A8-491A-83F1-02AC79DD9A23}.Win7 Debug|Win32.Build.0 = Debug|Win32
		{F568B705-46A8-491A-83F1-02AC79DD9A23}.Win7 Debug|x64.ActiveCfg = Debug|Win32
		{F568B705-46A8-491A-83F1-02AC79DD9A23}.Win7 Release|Mixed Platforms.ActiveCfg = Release|Win32
		{F568B705-46A8-491A-83F1-02AC79DD9A23}.Win7 Release|Mixed Platforms.Build.0 = Release|Win32
		{F568B705-46A8-491A-83F1-02AC79DD9A23}.Win7 Release|Win32.ActiveCfg = Release|Win32
		{F568B705-46A8-491A-83F1-02AC79DD9A23}.Win7 Release|Win32.Build.0 = Release|Win32
		{F568B705-46A8-491A-83F1-02AC79DD9A23}.Win7 Release|x64.ActiveCfg = Release|Win32
		{F568B705-46A8-491A-83F1-02AC79DD9A23}.Win8 Debug|Mixed Platforms.ActiveCfg = Debug|Win32
		{F568B705-46A8-491A-83F1-02AC79DD9A23}.Win8 Debug|Mixed Platforms.Build.0 = Debug|Win32
		{F568B705-46A8-491A-83F1-02AC79DD9A23}.Win8 Debug|Win32.ActiveCfg = Debug|Win32
		{F568B705-46A8-491A-83F1-02AC79DD9A23}.Win8 Debug|Win32.Build.0 = Debug|Win32
		{F568B705-46A8-491A-83F1-02AC79DD9A23}.Win8 Debug|x64.ActiveCfg = Debug|Win32
		{F568B705-46A8-491A-83F1-02AC79DD9A23}.Win8 Release|Mixed Platforms.ActiveCfg = Release|Win32
		{F568B705-46A8-491A-83F1-02AC79DD9A23}.Win8 Release|Mixed Platforms.Build.0 = Release|Win32
		{F568B705-46A8-491A-83F1-02AC79DD9A23}.Win8 Release|Win32.ActiveCfg = Release|Win32
		{F568B705-46A8-491A-83F1-02AC79DD9A23}.Win8 Release|Win32.Build.0 = Release|Win32
		{F568B705-46A8-491A-83F1-02AC79DD9A23}.Win8 Release|x64.ActiveCfg = Release|Win32
		{F568B705-46A8-491A-83F1-02AC79DD9A23}.Win8.1 Debug|Mixed Platforms.ActiveCfg = Debug|Win32
		{F568B705-46A8-491A-83F1-02AC79DD9A23}.Win8.1 Debug|Mixed Platforms.Build.0 = Debug|Win32
		{F568B705-46A8-491A-83F1-02AC79DD9A23}.Win8.1 Debug|Win32.ActiveCfg = Debug|Win32
		{F568B705-46A8-491A-83F1-02AC79DD9A23}.Win8.1 Debug|Win32.Build.0 = Debug|Win32
		{F568B705-46A8-491A-83F1-02AC79DD9A23}.Win8.1 Debug|x64.ActiveCfg = Debug|Win32
		{F568B705-46A8-491A-83F1-02AC79DD9A23}.Win8.1 Release|Mixed Platforms.ActiveCfg = Release|Win32
		{F568B705-46A8-491A-83F1-02AC79DD9A23}.Win8.1 Release|Mixed Platforms.Build.0 = Release|Win32
		{F568B705-46A8-491A-83F1-02AC79DD9A23}.Win8.1 Release|Win32.ActiveCfg = Release|Win32
		{F568B705-46A8-491A-83F1-02AC79DD9A23}.Win8.1 Release|Win32.Build.0 = Release|Win32
		{F568B705-46A8-491A-83F1-02AC79DD9A23}.Win8.1 Release|x64.ActiveCfg = Release|Win32
	EndGlobalSection
	GlobalSection(SolutionProperties) = preSolution
		HideSolutionNode = FALSE
	EndGlobalSection
	GlobalSection(TestCaseManagementSettings) = postSolution
		CategoryFile = CipherShed.vsmdi
	EndGlobalSection
EndGlobal
